# This file is automatically @generated by Poetry 2.1.1 and should not be changed by hand.

[[package]]
name = "cffi"
version = "1.17.1"
description = "Foreign Function Interface for Python calling C code."
optional = false
python-versions = ">=3.8"
groups = ["main"]
files = [
    {file = "cffi-1.17.1-cp310-cp310-macosx_10_9_x86_64.whl", hash = "sha256:df8b1c11f177bc2313ec4b2d46baec87a5f3e71fc8b45dab2ee7cae86d9aba14"},
    {file = "cffi-1.17.1-cp310-cp310-macosx_11_0_arm64.whl", hash = "sha256:8f2cdc858323644ab277e9bb925ad72ae0e67f69e804f4898c070998d50b1a67"},
    {file = "cffi-1.17.1-cp310-cp310-manylinux_2_12_i686.manylinux2010_i686.manylinux_2_17_i686.manylinux2014_i686.whl", hash = "sha256:edae79245293e15384b51f88b00613ba9f7198016a5948b5dddf4917d4d26382"},
    {file = "cffi-1.17.1-cp310-cp310-manylinux_2_17_aarch64.manylinux2014_aarch64.whl", hash = "sha256:45398b671ac6d70e67da8e4224a065cec6a93541bb7aebe1b198a61b58c7b702"},
    {file = "cffi-1.17.1-cp310-cp310-manylinux_2_17_ppc64le.manylinux2014_ppc64le.whl", hash = "sha256:ad9413ccdeda48c5afdae7e4fa2192157e991ff761e7ab8fdd8926f40b160cc3"},
    {file = "cffi-1.17.1-cp310-cp310-manylinux_2_17_s390x.manylinux2014_s390x.whl", hash = "sha256:5da5719280082ac6bd9aa7becb3938dc9f9cbd57fac7d2871717b1feb0902ab6"},
    {file = "cffi-1.17.1-cp310-cp310-manylinux_2_17_x86_64.manylinux2014_x86_64.whl", hash = "sha256:2bb1a08b8008b281856e5971307cc386a8e9c5b625ac297e853d36da6efe9c17"},
    {file = "cffi-1.17.1-cp310-cp310-musllinux_1_1_aarch64.whl", hash = "sha256:045d61c734659cc045141be4bae381a41d89b741f795af1dd018bfb532fd0df8"},
    {file = "cffi-1.17.1-cp310-cp310-musllinux_1_1_i686.whl", hash = "sha256:6883e737d7d9e4899a8a695e00ec36bd4e5e4f18fabe0aca0efe0a4b44cdb13e"},
    {file = "cffi-1.17.1-cp310-cp310-musllinux_1_1_x86_64.whl", hash = "sha256:6b8b4a92e1c65048ff98cfe1f735ef8f1ceb72e3d5f0c25fdb12087a23da22be"},
    {file = "cffi-1.17.1-cp310-cp310-win32.whl", hash = "sha256:c9c3d058ebabb74db66e431095118094d06abf53284d9c81f27300d0e0d8bc7c"},
    {file = "cffi-1.17.1-cp310-cp310-win_amd64.whl", hash = "sha256:0f048dcf80db46f0098ccac01132761580d28e28bc0f78ae0d58048063317e15"},
    {file = "cffi-1.17.1-cp311-cp311-macosx_10_9_x86_64.whl", hash = "sha256:a45e3c6913c5b87b3ff120dcdc03f6131fa0065027d0ed7ee6190736a74cd401"},
    {file = "cffi-1.17.1-cp311-cp311-macosx_11_0_arm64.whl", hash = "sha256:30c5e0cb5ae493c04c8b42916e52ca38079f1b235c2f8ae5f4527b963c401caf"},
    {file = "cffi-1.17.1-cp311-cp311-manylinux_2_12_i686.manylinux2010_i686.manylinux_2_17_i686.manylinux2014_i686.whl", hash = "sha256:f75c7ab1f9e4aca5414ed4d8e5c0e303a34f4421f8a0d47a4d019ceff0ab6af4"},
    {file = "cffi-1.17.1-cp311-cp311-manylinux_2_17_aarch64.manylinux2014_aarch64.whl", hash = "sha256:a1ed2dd2972641495a3ec98445e09766f077aee98a1c896dcb4ad0d303628e41"},
    {file = "cffi-1.17.1-cp311-cp311-manylinux_2_17_ppc64le.manylinux2014_ppc64le.whl", hash = "sha256:46bf43160c1a35f7ec506d254e5c890f3c03648a4dbac12d624e4490a7046cd1"},
    {file = "cffi-1.17.1-cp311-cp311-manylinux_2_17_s390x.manylinux2014_s390x.whl", hash = "sha256:a24ed04c8ffd54b0729c07cee15a81d964e6fee0e3d4d342a27b020d22959dc6"},
    {file = "cffi-1.17.1-cp311-cp311-manylinux_2_17_x86_64.manylinux2014_x86_64.whl", hash = "sha256:610faea79c43e44c71e1ec53a554553fa22321b65fae24889706c0a84d4ad86d"},
    {file = "cffi-1.17.1-cp311-cp311-musllinux_1_1_aarch64.whl", hash = "sha256:a9b15d491f3ad5d692e11f6b71f7857e7835eb677955c00cc0aefcd0669adaf6"},
    {file = "cffi-1.17.1-cp311-cp311-musllinux_1_1_i686.whl", hash = "sha256:de2ea4b5833625383e464549fec1bc395c1bdeeb5f25c4a3a82b5a8c756ec22f"},
    {file = "cffi-1.17.1-cp311-cp311-musllinux_1_1_x86_64.whl", hash = "sha256:fc48c783f9c87e60831201f2cce7f3b2e4846bf4d8728eabe54d60700b318a0b"},
    {file = "cffi-1.17.1-cp311-cp311-win32.whl", hash = "sha256:85a950a4ac9c359340d5963966e3e0a94a676bd6245a4b55bc43949eee26a655"},
    {file = "cffi-1.17.1-cp311-cp311-win_amd64.whl", hash = "sha256:caaf0640ef5f5517f49bc275eca1406b0ffa6aa184892812030f04c2abf589a0"},
    {file = "cffi-1.17.1-cp312-cp312-macosx_10_9_x86_64.whl", hash = "sha256:805b4371bf7197c329fcb3ead37e710d1bca9da5d583f5073b799d5c5bd1eee4"},
    {file = "cffi-1.17.1-cp312-cp312-macosx_11_0_arm64.whl", hash = "sha256:733e99bc2df47476e3848417c5a4540522f234dfd4ef3ab7fafdf555b082ec0c"},
    {file = "cffi-1.17.1-cp312-cp312-manylinux_2_12_i686.manylinux2010_i686.manylinux_2_17_i686.manylinux2014_i686.whl", hash = "sha256:1257bdabf294dceb59f5e70c64a3e2f462c30c7ad68092d01bbbfb1c16b1ba36"},
    {file = "cffi-1.17.1-cp312-cp312-manylinux_2_17_aarch64.manylinux2014_aarch64.whl", hash = "sha256:da95af8214998d77a98cc14e3a3bd00aa191526343078b530ceb0bd710fb48a5"},
    {file = "cffi-1.17.1-cp312-cp312-manylinux_2_17_ppc64le.manylinux2014_ppc64le.whl", hash = "sha256:d63afe322132c194cf832bfec0dc69a99fb9bb6bbd550f161a49e9e855cc78ff"},
    {file = "cffi-1.17.1-cp312-cp312-manylinux_2_17_s390x.manylinux2014_s390x.whl", hash = "sha256:f79fc4fc25f1c8698ff97788206bb3c2598949bfe0fef03d299eb1b5356ada99"},
    {file = "cffi-1.17.1-cp312-cp312-manylinux_2_17_x86_64.manylinux2014_x86_64.whl", hash = "sha256:b62ce867176a75d03a665bad002af8e6d54644fad99a3c70905c543130e39d93"},
    {file = "cffi-1.17.1-cp312-cp312-musllinux_1_1_aarch64.whl", hash = "sha256:386c8bf53c502fff58903061338ce4f4950cbdcb23e2902d86c0f722b786bbe3"},
    {file = "cffi-1.17.1-cp312-cp312-musllinux_1_1_x86_64.whl", hash = "sha256:4ceb10419a9adf4460ea14cfd6bc43d08701f0835e979bf821052f1805850fe8"},
    {file = "cffi-1.17.1-cp312-cp312-win32.whl", hash = "sha256:a08d7e755f8ed21095a310a693525137cfe756ce62d066e53f502a83dc550f65"},
    {file = "cffi-1.17.1-cp312-cp312-win_amd64.whl", hash = "sha256:51392eae71afec0d0c8fb1a53b204dbb3bcabcb3c9b807eedf3e1e6ccf2de903"},
    {file = "cffi-1.17.1-cp313-cp313-macosx_10_13_x86_64.whl", hash = "sha256:f3a2b4222ce6b60e2e8b337bb9596923045681d71e5a082783484d845390938e"},
    {file = "cffi-1.17.1-cp313-cp313-macosx_11_0_arm64.whl", hash = "sha256:0984a4925a435b1da406122d4d7968dd861c1385afe3b45ba82b750f229811e2"},
    {file = "cffi-1.17.1-cp313-cp313-manylinux_2_12_i686.manylinux2010_i686.manylinux_2_17_i686.manylinux2014_i686.whl", hash = "sha256:d01b12eeeb4427d3110de311e1774046ad344f5b1a7403101878976ecd7a10f3"},
    {file = "cffi-1.17.1-cp313-cp313-manylinux_2_17_aarch64.manylinux2014_aarch64.whl", hash = "sha256:706510fe141c86a69c8ddc029c7910003a17353970cff3b904ff0686a5927683"},
    {file = "cffi-1.17.1-cp313-cp313-manylinux_2_17_ppc64le.manylinux2014_ppc64le.whl", hash = "sha256:de55b766c7aa2e2a3092c51e0483d700341182f08e67c63630d5b6f200bb28e5"},
    {file = "cffi-1.17.1-cp313-cp313-manylinux_2_17_s390x.manylinux2014_s390x.whl", hash = "sha256:c59d6e989d07460165cc5ad3c61f9fd8f1b4796eacbd81cee78957842b834af4"},
    {file = "cffi-1.17.1-cp313-cp313-manylinux_2_17_x86_64.manylinux2014_x86_64.whl", hash = "sha256:dd398dbc6773384a17fe0d3e7eeb8d1a21c2200473ee6806bb5e6a8e62bb73dd"},
    {file = "cffi-1.17.1-cp313-cp313-musllinux_1_1_aarch64.whl", hash = "sha256:3edc8d958eb099c634dace3c7e16560ae474aa3803a5df240542b305d14e14ed"},
    {file = "cffi-1.17.1-cp313-cp313-musllinux_1_1_x86_64.whl", hash = "sha256:72e72408cad3d5419375fc87d289076ee319835bdfa2caad331e377589aebba9"},
    {file = "cffi-1.17.1-cp313-cp313-win32.whl", hash = "sha256:e03eab0a8677fa80d646b5ddece1cbeaf556c313dcfac435ba11f107ba117b5d"},
    {file = "cffi-1.17.1-cp313-cp313-win_amd64.whl", hash = "sha256:f6a16c31041f09ead72d69f583767292f750d24913dadacf5756b966aacb3f1a"},
    {file = "cffi-1.17.1-cp38-cp38-macosx_10_9_x86_64.whl", hash = "sha256:636062ea65bd0195bc012fea9321aca499c0504409f413dc88af450b57ffd03b"},
    {file = "cffi-1.17.1-cp38-cp38-manylinux_2_12_i686.manylinux2010_i686.manylinux_2_17_i686.manylinux2014_i686.whl", hash = "sha256:c7eac2ef9b63c79431bc4b25f1cd649d7f061a28808cbc6c47b534bd789ef964"},
    {file = "cffi-1.17.1-cp38-cp38-manylinux_2_17_aarch64.manylinux2014_aarch64.whl", hash = "sha256:e221cf152cff04059d011ee126477f0d9588303eb57e88923578ace7baad17f9"},
    {file = "cffi-1.17.1-cp38-cp38-manylinux_2_17_ppc64le.manylinux2014_ppc64le.whl", hash = "sha256:31000ec67d4221a71bd3f67df918b1f88f676f1c3b535a7eb473255fdc0b83fc"},
    {file = "cffi-1.17.1-cp38-cp38-manylinux_2_17_s390x.manylinux2014_s390x.whl", hash = "sha256:6f17be4345073b0a7b8ea599688f692ac3ef23ce28e5df79c04de519dbc4912c"},
    {file = "cffi-1.17.1-cp38-cp38-manylinux_2_17_x86_64.manylinux2014_x86_64.whl", hash = "sha256:0e2b1fac190ae3ebfe37b979cc1ce69c81f4e4fe5746bb401dca63a9062cdaf1"},
    {file = "cffi-1.17.1-cp38-cp38-win32.whl", hash = "sha256:7596d6620d3fa590f677e9ee430df2958d2d6d6de2feeae5b20e82c00b76fbf8"},
    {file = "cffi-1.17.1-cp38-cp38-win_amd64.whl", hash = "sha256:78122be759c3f8a014ce010908ae03364d00a1f81ab5c7f4a7a5120607ea56e1"},
    {file = "cffi-1.17.1-cp39-cp39-macosx_10_9_x86_64.whl", hash = "sha256:b2ab587605f4ba0bf81dc0cb08a41bd1c0a5906bd59243d56bad7668a6fc6c16"},
    {file = "cffi-1.17.1-cp39-cp39-macosx_11_0_arm64.whl", hash = "sha256:28b16024becceed8c6dfbc75629e27788d8a3f9030691a1dbf9821a128b22c36"},
    {file = "cffi-1.17.1-cp39-cp39-manylinux_2_12_i686.manylinux2010_i686.manylinux_2_17_i686.manylinux2014_i686.whl", hash = "sha256:1d599671f396c4723d016dbddb72fe8e0397082b0a77a4fab8028923bec050e8"},
    {file = "cffi-1.17.1-cp39-cp39-manylinux_2_17_aarch64.manylinux2014_aarch64.whl", hash = "sha256:ca74b8dbe6e8e8263c0ffd60277de77dcee6c837a3d0881d8c1ead7268c9e576"},
    {file = "cffi-1.17.1-cp39-cp39-manylinux_2_17_ppc64le.manylinux2014_ppc64le.whl", hash = "sha256:f7f5baafcc48261359e14bcd6d9bff6d4b28d9103847c9e136694cb0501aef87"},
    {file = "cffi-1.17.1-cp39-cp39-manylinux_2_17_s390x.manylinux2014_s390x.whl", hash = "sha256:98e3969bcff97cae1b2def8ba499ea3d6f31ddfdb7635374834cf89a1a08ecf0"},
    {file = "cffi-1.17.1-cp39-cp39-manylinux_2_17_x86_64.manylinux2014_x86_64.whl", hash = "sha256:cdf5ce3acdfd1661132f2a9c19cac174758dc2352bfe37d98aa7512c6b7178b3"},
    {file = "cffi-1.17.1-cp39-cp39-musllinux_1_1_aarch64.whl", hash = "sha256:9755e4345d1ec879e3849e62222a18c7174d65a6a92d5b346b1863912168b595"},
    {file = "cffi-1.17.1-cp39-cp39-musllinux_1_1_i686.whl", hash = "sha256:f1e22e8c4419538cb197e4dd60acc919d7696e5ef98ee4da4e01d3f8cfa4cc5a"},
    {file = "cffi-1.17.1-cp39-cp39-musllinux_1_1_x86_64.whl", hash = "sha256:c03e868a0b3bc35839ba98e74211ed2b05d2119be4e8a0f224fba9384f1fe02e"},
    {file = "cffi-1.17.1-cp39-cp39-win32.whl", hash = "sha256:e31ae45bc2e29f6b2abd0de1cc3b9d5205aa847cafaecb8af1476a609a2f6eb7"},
    {file = "cffi-1.17.1-cp39-cp39-win_amd64.whl", hash = "sha256:d016c76bdd850f3c626af19b0542c9677ba156e4ee4fccfdd7848803533ef662"},
    {file = "cffi-1.17.1.tar.gz", hash = "sha256:1c39c6016c32bc48dd54561950ebd6836e1670f2ae46128f67cf49e789c52824"},
]

[package.dependencies]
pycparser = "*"

[[package]]
name = "cryptg"
version = "0.5.1"
description = "Cryptographic utilities for Telegram."
optional = false
python-versions = ">=3.7"
groups = ["main"]
files = [
    {file = "cryptg-0.5.1-cp310-cp310-macosx_11_0_arm64.whl", hash = "sha256:7ba267eb95238ea725455206ce8daed99d312194181c85887535c588313cf752"},
    {file = "cryptg-0.5.1-cp310-cp310-manylinux_2_28_aarch64.whl", hash = "sha256:fdb8f79b5b537b0179892711b81737d75218da2daa74be26ca4a4ba0136e00fd"},
    {file = "cryptg-0.5.1-cp310-cp310-manylinux_2_28_x86_64.whl", hash = "sha256:493aadb0d23b8dc67711ac2af1f55c45b3a336aec9a22c97b2c5b274f0b572ac"},
    {file = "cryptg-0.5.1-cp310-cp310-win32.whl", hash = "sha256:974070d4e45ae765f67bb42ebcb62614a044a007633220ef92cc2967effcdf34"},
    {file = "cryptg-0.5.1-cp310-cp310-win_amd64.whl", hash = "sha256:60a8793b7f90f51bca4f95324d7d3f9e1ce13fb58bcdf356c3321b56a7406b2b"},
    {file = "cryptg-0.5.1-cp311-cp311-macosx_11_0_arm64.whl", hash = "sha256:1783338bc6d6f994c515817767f2fe7b865c5bbe76acf1982363d6ef5ac78c94"},
    {file = "cryptg-0.5.1-cp311-cp311-manylinux_2_28_aarch64.whl", hash = "sha256:868e6d2956ccefe32a83d6fb29447b377a5ba1952625631098dc2d469a4294a7"},
    {file = "cryptg-0.5.1-cp311-cp311-manylinux_2_28_x86_64.whl", hash = "sha256:b5fc875cd874e841697b753d596eb1d58ea621cab5c04714026c544afe06db69"},
    {file = "cryptg-0.5.1-cp311-cp311-win32.whl", hash = "sha256:6fb92f2f473a971cbc99644100f037085cfcd6e781cd2908fc5a4eedb06c8590"},
    {file = "cryptg-0.5.1-cp311-cp311-win_amd64.whl", hash = "sha256:b638f4621555bbf7c4419b128972d9f93d40a0da5fc4c281484a32685d97dc33"},
    {file = "cryptg-0.5.1-cp312-cp312-macosx_11_0_arm64.whl", hash = "sha256:cd1f08f16b276a12f8fa2b5676cda6006532a8a687bce8ca871643943901ebd0"},
    {file = "cryptg-0.5.1-cp312-cp312-manylinux_2_28_aarch64.whl", hash = "sha256:0751690552b9bd95a8c5d4553609c1e8dc48734f76ffa27c39280ca7c356afd7"},
    {file = "cryptg-0.5.1-cp312-cp312-manylinux_2_28_x86_64.whl", hash = "sha256:b1f8634967b424ed2b68adf13f9829c56356ebf5a239e33d5502a4ffa190db7b"},
    {file = "cryptg-0.5.1-cp312-cp312-win32.whl", hash = "sha256:49614f84a0809fcda607fa54cf22a4fc65ec28163effeded314e9d197e2a701a"},
    {file = "cryptg-0.5.1-cp312-cp312-win_amd64.whl", hash = "sha256:1450d8bab5d14c4bf91f58ba6ae7adae8468ff3abc49516bb3a20e1e388926b4"},
    {file = "cryptg-0.5.1-cp313-cp313-macosx_11_0_arm64.whl", hash = "sha256:337dfd79c0c525120e37d679b75e47bb8c0fb2ae4caeda375fbc75a64212765b"},
    {file = "cryptg-0.5.1-cp313-cp313-manylinux_2_28_aarch64.whl", hash = "sha256:92300e47755fa435333ff842e4f4e2d19618c3dc3b8adbe9b23f9f3f80324dc7"},
    {file = "cryptg-0.5.1-cp313-cp313-manylinux_2_28_x86_64.whl", hash = "sha256:0876e293e7a77ba6900b7efaa9b7877c8e0b3774f7a9c7e430b696f686001a58"},
    {file = "cryptg-0.5.1-cp313-cp313-win32.whl", hash = "sha256:c9567843e163d592d1de4be0847a9c0c0d9978f6e830452834615c8d3bfbca46"},
    {file = "cryptg-0.5.1-cp313-cp313-win_amd64.whl", hash = "sha256:83acb386ad24a5b299ade4926f11f5bf7517d4fca96b0467bd7c4fb2f3213baa"},
    {file = "cryptg-0.5.1-cp38-cp38-macosx_11_0_arm64.whl", hash = "sha256:4a13707f57ceb32d2e6c7c31d0fdbb825de172a158cd303420accf3d49635343"},
    {file = "cryptg-0.5.1-cp38-cp38-manylinux_2_28_aarch64.whl", hash = "sha256:ee77c221e9c9ae6d6c73f9a4299e9c5fb7c0eb4fe7e4a920e05690ff02fccd71"},
    {file = "cryptg-0.5.1-cp38-cp38-manylinux_2_28_x86_64.whl", hash = "sha256:1d1785f43e4e1b5ea432359a61e05f86a3dc756d4ef651653f45b6ec911ff5ae"},
    {file = "cryptg-0.5.1-cp38-cp38-win32.whl", hash = "sha256:a04e4a3b8372dc53c06d5a0844f64608a23743f706dfcdb9ad92ab63904113e0"},
    {file = "cryptg-0.5.1-cp38-cp38-win_amd64.whl", hash = "sha256:3ea1c67fb516d7370f32ed9391f7f23a7e9e2c0d229c85d8a0e516960f04a7cd"},
    {file = "cryptg-0.5.1-cp39-cp39-macosx_11_0_arm64.whl", hash = "sha256:d1bd5c2d52feccef3cf3e837c1b9107c7e91a3195158b2445873dd15f59bcdd5"},
    {file = "cryptg-0.5.1-cp39-cp39-manylinux_2_28_aarch64.whl", hash = "sha256:6c4fc26f5188331a3e8fe4cbe57342f2420ee95249ae8f80edfe8137a47641e8"},
    {file = "cryptg-0.5.1-cp39-cp39-manylinux_2_28_x86_64.whl", hash = "sha256:bd79bc320e8afa40d62407f5930fb4c26b22619fe923e45631080ecc6411bb50"},
    {file = "cryptg-0.5.1-cp39-cp39-win32.whl", hash = "sha256:b2da310acf4dc8ff17ea5907791d89f4390ebfc92d45346ce8d8919210f3fbc0"},
    {file = "cryptg-0.5.1-cp39-cp39-win_amd64.whl", hash = "sha256:3865cae2abfc57d316f9b3457ddb972e59b5b235f04bbb694790cd9394870966"},
    {file = "cryptg-0.5.1-pp310-pypy310_pp73-macosx_11_0_arm64.whl", hash = "sha256:b5db16d253456b310da0e9be4c336788dedebb8e063c9c8b4db98617fb29c38d"},
    {file = "cryptg-0.5.1-pp310-pypy310_pp73-manylinux_2_28_aarch64.whl", hash = "sha256:933e89ed956a4212a55fd4ee7df1665ec5aa3f2cef8a709b79c2a2899d09ba62"},
    {file = "cryptg-0.5.1-pp310-pypy310_pp73-manylinux_2_28_x86_64.whl", hash = "sha256:1530bc7090ad86db1fc5b09aea8ebf7a74175251c839b7d81c620f87f5f55ec6"},
    {file = "cryptg-0.5.1-pp310-pypy310_pp73-win_amd64.whl", hash = "sha256:723e85fde34b4e77e43e0dbf196facd1bbf1b7466f34f8fa08f71b762d608d69"},
    {file = "cryptg-0.5.1-pp311-pypy311_pp73-macosx_11_0_arm64.whl", hash = "sha256:baeeb1dae58a805e1e93e6b0416ba0bcbc3d6fbc7797b153a1178d93b6931978"},
    {file = "cryptg-0.5.1-pp311-pypy311_pp73-manylinux_2_28_aarch64.whl", hash = "sha256:a1d061c1a98a170dc7492eb20337f84ab64e8b1a0dad095190c74d4469fa378d"},
    {file = "cryptg-0.5.1-pp311-pypy311_pp73-manylinux_2_28_x86_64.whl", hash = "sha256:c7e39a56301e3dd1c3eff6784e0ba5013648f7ed4b54bd5e8e2e4910361d0181"},
    {file = "cryptg-0.5.1-pp311-pypy311_pp73-win_amd64.whl", hash = "sha256:15dd113b6755d339dc07de27fa82bc3e219e78e4a2c427b11f7beb8f745e38bb"},
    {file = "cryptg-0.5.1-pp39-pypy39_pp73-macosx_11_0_arm64.whl", hash = "sha256:60e8a2d078738efd157d920f6b3868d9898f121a24dae554b9e4f42d2c553740"},
    {file = "cryptg-0.5.1-pp39-pypy39_pp73-manylinux_2_28_aarch64.whl", hash = "sha256:5370bdc37dcbcde07d1e96e4de7450250bfd240a75eef9f945bf123f4f15b7d1"},
    {file = "cryptg-0.5.1-pp39-pypy39_pp73-manylinux_2_28_x86_64.whl", hash = "sha256:08f4ad99443093cb5250f12462eacce418c9dff3021e5e988fb8cdfa9219f35f"},
    {file = "cryptg-0.5.1-pp39-pypy39_pp73-win_amd64.whl", hash = "sha256:a0a8a202538f8fd42db88d588e4202dfcb41c7d88a47f997c54c5ab8113f87f2"},
    {file = "cryptg-0.5.1.tar.gz", hash = "sha256:c065f6e75d4b56f2ef2ef23a6cfb91851087831ee2f4f77d957ad06b869de901"},
]

[[package]]
name = "humanize"
version = "4.13.0"
description = "Python humanize utilities"
optional = false
python-versions = ">=3.9"
groups = ["main"]
files = [
    {file = "humanize-4.13.0-py3-none-any.whl", hash = "sha256:b810820b31891813b1673e8fec7f1ed3312061eab2f26e3fa192c393d11ed25f"},
    {file = "humanize-4.13.0.tar.gz", hash = "sha256:78f79e68f76f0b04d711c4e55d32bebef5be387148862cb1ef83d2b58e7935a0"},
]

[package.extras]
tests = ["freezegun", "pytest", "pytest-cov"]

[[package]]
name = "pyaes"
version = "1.6.1"
description = "Pure-Python Implementation of the AES block-cipher and common modes of operation"
optional = false
python-versions = "*"
groups = ["main"]
files = [
    {file = "pyaes-1.6.1.tar.gz", hash = "sha256:02c1b1405c38d3c370b085fb952dd8bea3fadcee6411ad99f312cc129c536d8f"},
]

[[package]]
name = "pyasn1"
version = "0.6.1"
description = "Pure-Python implementation of ASN.1 types and DER/BER/CER codecs (X.208)"
optional = false
python-versions = ">=3.8"
groups = ["main"]
files = [
    {file = "pyasn1-0.6.1-py3-none-any.whl", hash = "sha256:0d632f46f2ba09143da3a8afe9e33fb6f92fa2320ab7e886e2d0f7672af84629"},
    {file = "pyasn1-0.6.1.tar.gz", hash = "sha256:6f580d2bdd84365380830acf45550f2511469f673cb4a5ae3857a3170128b034"},
]

[[package]]
name = "pycparser"
version = "2.22"
description = "C parser in Python"
optional = false
python-versions = ">=3.8"
groups = ["main"]
files = [
    {file = "pycparser-2.22-py3-none-any.whl", hash = "sha256:c3702b6d3dd8c7abc1afa565d7e63d53a1d0bd86cdc24edd75470f4de499cfcc"},
    {file = "pycparser-2.22.tar.gz", hash = "sha256:491c8be9c040f5390f5bf44a5b07752bd07f56edf992381b05c701439eec10f6"},
]

[[package]]
name = "rsa"
version = "4.9.1"
description = "Pure-Python RSA implementation"
optional = false
python-versions = "<4,>=3.6"
groups = ["main"]
files = [
    {file = "rsa-4.9.1-py3-none-any.whl", hash = "sha256:68635866661c6836b8d39430f97a996acbd61bfa49406748ea243539fe239762"},
    {file = "rsa-4.9.1.tar.gz", hash = "sha256:e7bdbfdb5497da4c07dfd35530e1a902659db6ff241e39d9953cad06ebd0ae75"},
]

[package.dependencies]
pyasn1 = ">=0.1.3"

[[package]]
name = "telethon"
version = "1.40.0"
description = "Full-featured Telegram client library for Python 3"
optional = false
python-versions = ">=3.5"
groups = ["main"]
files = [
    {file = "Telethon-1.40.0-py3-none-any.whl", hash = "sha256:146fd4cb2a7afa66bc67f9c2167756096a37b930f65711a3e7399ec9874dcfa7"},
    {file = "telethon-1.40.0.tar.gz", hash = "sha256:40e83326877a2e68b754d4b6d0d1ca5ac924110045b039e02660f2d67add97db"},
]

[package.dependencies]
pyaes = "*"
rsa = "*"

[package.extras]
cryptg = ["cryptg"]

[metadata]
lock-version = "2.1"
python-versions = "^3.9"
content-hash = "b9490d643f6f8f9454cfcaf1a4a4309d17955ec45300af111bc6af4074328c40"
