version = 1
revision = 3
requires-python = ">=3.9, <4.0"

[[package]]
name = "cffi"
version = "2.0.0"
source = { registry = "https://pypi.org/simple" }
dependencies = [
    { name = "pycparser", marker = "implementation_name != 'PyPy'" },
]
sdist = { url = "https://files.pythonhosted.org/packages/eb/56/b1ba7935a17738ae8453301356628e8147c79dbb825bcbc73dc7401f9846/cffi-2.0.0.tar.gz", hash = "sha256:44d1b5909021139fe36001ae048dbdde8214afa20200eda0f64c068cac5d5529", size = 523588, upload-time = "2025-09-08T23:24:04.541Z" }
wheels = [
    { url = "https://files.pythonhosted.org/packages/93/d7/516d984057745a6cd96575eea814fe1edd6646ee6efd552fb7b0921dec83/cffi-2.0.0-cp310-cp310-macosx_10_13_x86_64.whl", hash = "sha256:0cf2d91ecc3fcc0625c2c530fe004f82c110405f101548512cce44322fa8ac44", size = 184283, upload-time = "2025-09-08T23:22:08.01Z" },
    { url = "https://files.pythonhosted.org/packages/9e/84/ad6a0b408daa859246f57c03efd28e5dd1b33c21737c2db84cae8c237aa5/cffi-2.0.0-cp310-cp310-macosx_11_0_arm64.whl", hash = "sha256:f73b96c41e3b2adedc34a7356e64c8eb96e03a3782b535e043a986276ce12a49", size = 180504, upload-time = "2025-09-08T23:22:10.637Z" },
    { url = "https://files.pythonhosted.org/packages/50/bd/b1a6362b80628111e6653c961f987faa55262b4002fcec42308cad1db680/cffi-2.0.0-cp310-cp310-manylinux1_i686.manylinux2014_i686.manylinux_2_17_i686.manylinux_2_5_i686.whl", hash = "sha256:53f77cbe57044e88bbd5ed26ac1d0514d2acf0591dd6bb02a3ae37f76811b80c", size = 208811, upload-time = "2025-09-08T23:22:12.267Z" },
    { url = "https://files.pythonhosted.org/packages/4f/27/6933a8b2562d7bd1fb595074cf99cc81fc3789f6a6c05cdabb46284a3188/cffi-2.0.0-cp310-cp310-manylinux2014_aarch64.manylinux_2_17_aarch64.whl", hash = "sha256:3e837e369566884707ddaf85fc1744b47575005c0a229de3327f8f9a20f4efeb", size = 216402, upload-time = "2025-09-08T23:22:13.455Z" },
    { url = "https://files.pythonhosted.org/packages/05/eb/b86f2a2645b62adcfff53b0dd97e8dfafb5c8aa864bd0d9a2c2049a0d551/cffi-2.0.0-cp310-cp310-manylinux2014_ppc64le.manylinux_2_17_ppc64le.whl", hash = "sha256:5eda85d6d1879e692d546a078b44251cdd08dd1cfb98dfb77b670c97cee49ea0", size = 203217, upload-time = "2025-09-08T23:22:14.596Z" },
    { url = "https://files.pythonhosted.org/packages/9f/e0/6cbe77a53acf5acc7c08cc186c9928864bd7c005f9efd0d126884858a5fe/cffi-2.0.0-cp310-cp310-manylinux2014_s390x.manylinux_2_17_s390x.whl", hash = "sha256:9332088d75dc3241c702d852d4671613136d90fa6881da7d770a483fd05248b4", size = 203079, upload-time = "2025-09-08T23:22:15.769Z" },
    { url = "https://files.pythonhosted.org/packages/98/29/9b366e70e243eb3d14a5cb488dfd3a0b6b2f1fb001a203f653b93ccfac88/cffi-2.0.0-cp310-cp310-manylinux2014_x86_64.manylinux_2_17_x86_64.whl", hash = "sha256:fc7de24befaeae77ba923797c7c87834c73648a05a4bde34b3b7e5588973a453", size = 216475, upload-time = "2025-09-08T23:22:17.427Z" },
    { url = "https://files.pythonhosted.org/packages/21/7a/13b24e70d2f90a322f2900c5d8e1f14fa7e2a6b3332b7309ba7b2ba51a5a/cffi-2.0.0-cp310-cp310-musllinux_1_2_aarch64.whl", hash = "sha256:cf364028c016c03078a23b503f02058f1814320a56ad535686f90565636a9495", size = 218829, upload-time = "2025-09-08T23:22:19.069Z" },
    { url = "https://files.pythonhosted.org/packages/60/99/c9dc110974c59cc981b1f5b66e1d8af8af764e00f0293266824d9c4254bc/cffi-2.0.0-cp310-cp310-musllinux_1_2_i686.whl", hash = "sha256:e11e82b744887154b182fd3e7e8512418446501191994dbf9c9fc1f32cc8efd5", size = 211211, upload-time = "2025-09-08T23:22:20.588Z" },
    { url = "https://files.pythonhosted.org/packages/49/72/ff2d12dbf21aca1b32a40ed792ee6b40f6dc3a9cf1644bd7ef6e95e0ac5e/cffi-2.0.0-cp310-cp310-musllinux_1_2_x86_64.whl", hash = "sha256:8ea985900c5c95ce9db1745f7933eeef5d314f0565b27625d9a10ec9881e1bfb", size = 218036, upload-time = "2025-09-08T23:22:22.143Z" },
    { url = "https://files.pythonhosted.org/packages/e2/cc/027d7fb82e58c48ea717149b03bcadcbdc293553edb283af792bd4bcbb3f/cffi-2.0.0-cp310-cp310-win32.whl", hash = "sha256:1f72fb8906754ac8a2cc3f9f5aaa298070652a0ffae577e0ea9bd480dc3c931a", size = 172184, upload-time = "2025-09-08T23:22:23.328Z" },
    { url = "https://files.pythonhosted.org/packages/33/fa/072dd15ae27fbb4e06b437eb6e944e75b068deb09e2a2826039e49ee2045/cffi-2.0.0-cp310-cp310-win_amd64.whl", hash = "sha256:b18a3ed7d5b3bd8d9ef7a8cb226502c6bf8308df1525e1cc676c3680e7176739", size = 182790, upload-time = "2025-09-08T23:22:24.752Z" },
    { url = "https://files.pythonhosted.org/packages/12/4a/3dfd5f7850cbf0d06dc84ba9aa00db766b52ca38d8b86e3a38314d52498c/cffi-2.0.0-cp311-cp311-macosx_10_13_x86_64.whl", hash = "sha256:b4c854ef3adc177950a8dfc81a86f5115d2abd545751a304c5bcf2c2c7283cfe", size = 184344, upload-time = "2025-09-08T23:22:26.456Z" },
    { url = "https://files.pythonhosted.org/packages/4f/8b/f0e4c441227ba756aafbe78f117485b25bb26b1c059d01f137fa6d14896b/cffi-2.0.0-cp311-cp311-macosx_11_0_arm64.whl", hash = "sha256:2de9a304e27f7596cd03d16f1b7c72219bd944e99cc52b84d0145aefb07cbd3c", size = 180560, upload-time = "2025-09-08T23:22:28.197Z" },
    { url = "https://files.pythonhosted.org/packages/b1/b7/1200d354378ef52ec227395d95c2576330fd22a869f7a70e88e1447eb234/cffi-2.0.0-cp311-cp311-manylinux1_i686.manylinux2014_i686.manylinux_2_17_i686.manylinux_2_5_i686.whl", hash = "sha256:baf5215e0ab74c16e2dd324e8ec067ef59e41125d3eade2b863d294fd5035c92", size = 209613, upload-time = "2025-09-08T23:22:29.475Z" },
    { url = "https://files.pythonhosted.org/packages/b8/56/6033f5e86e8cc9bb629f0077ba71679508bdf54a9a5e112a3c0b91870332/cffi-2.0.0-cp311-cp311-manylinux2014_aarch64.manylinux_2_17_aarch64.whl", hash = "sha256:730cacb21e1bdff3ce90babf007d0a0917cc3e6492f336c2f0134101e0944f93", size = 216476, upload-time = "2025-09-08T23:22:31.063Z" },
    { url = "https://files.pythonhosted.org/packages/dc/7f/55fecd70f7ece178db2f26128ec41430d8720f2d12ca97bf8f0a628207d5/cffi-2.0.0-cp311-cp311-manylinux2014_ppc64le.manylinux_2_17_ppc64le.whl", hash = "sha256:6824f87845e3396029f3820c206e459ccc91760e8fa24422f8b0c3d1731cbec5", size = 203374, upload-time = "2025-09-08T23:22:32.507Z" },
    { url = "https://files.pythonhosted.org/packages/84/ef/a7b77c8bdc0f77adc3b46888f1ad54be8f3b7821697a7b89126e829e676a/cffi-2.0.0-cp311-cp311-manylinux2014_s390x.manylinux_2_17_s390x.whl", hash = "sha256:9de40a7b0323d889cf8d23d1ef214f565ab154443c42737dfe52ff82cf857664", size = 202597, upload-time = "2025-09-08T23:22:34.132Z" },
    { url = "https://files.pythonhosted.org/packages/d7/91/500d892b2bf36529a75b77958edfcd5ad8e2ce4064ce2ecfeab2125d72d1/cffi-2.0.0-cp311-cp311-manylinux2014_x86_64.manylinux_2_17_x86_64.whl", hash = "sha256:8941aaadaf67246224cee8c3803777eed332a19d909b47e29c9842ef1e79ac26", size = 215574, upload-time = "2025-09-08T23:22:35.443Z" },
    { url = "https://files.pythonhosted.org/packages/44/64/58f6255b62b101093d5df22dcb752596066c7e89dd725e0afaed242a61be/cffi-2.0.0-cp311-cp311-musllinux_1_2_aarch64.whl", hash = "sha256:a05d0c237b3349096d3981b727493e22147f934b20f6f125a3eba8f994bec4a9", size = 218971, upload-time = "2025-09-08T23:22:36.805Z" },
    { url = "https://files.pythonhosted.org/packages/ab/49/fa72cebe2fd8a55fbe14956f9970fe8eb1ac59e5df042f603ef7c8ba0adc/cffi-2.0.0-cp311-cp311-musllinux_1_2_i686.whl", hash = "sha256:94698a9c5f91f9d138526b48fe26a199609544591f859c870d477351dc7b2414", size = 211972, upload-time = "2025-09-08T23:22:38.436Z" },
    { url = "https://files.pythonhosted.org/packages/0b/28/dd0967a76aab36731b6ebfe64dec4e981aff7e0608f60c2d46b46982607d/cffi-2.0.0-cp311-cp311-musllinux_1_2_x86_64.whl", hash = "sha256:5fed36fccc0612a53f1d4d9a816b50a36702c28a2aa880cb8a122b3466638743", size = 217078, upload-time = "2025-09-08T23:22:39.776Z" },
    { url = "https://files.pythonhosted.org/packages/2b/c0/015b25184413d7ab0a410775fdb4a50fca20f5589b5dab1dbbfa3baad8ce/cffi-2.0.0-cp311-cp311-win32.whl", hash = "sha256:c649e3a33450ec82378822b3dad03cc228b8f5963c0c12fc3b1e0ab940f768a5", size = 172076, upload-time = "2025-09-08T23:22:40.95Z" },
    { url = "https://files.pythonhosted.org/packages/ae/8f/dc5531155e7070361eb1b7e4c1a9d896d0cb21c49f807a6c03fd63fc877e/cffi-2.0.0-cp311-cp311-win_amd64.whl", hash = "sha256:66f011380d0e49ed280c789fbd08ff0d40968ee7b665575489afa95c98196ab5", size = 182820, upload-time = "2025-09-08T23:22:42.463Z" },
    { url = "https://files.pythonhosted.org/packages/95/5c/1b493356429f9aecfd56bc171285a4c4ac8697f76e9bbbbb105e537853a1/cffi-2.0.0-cp311-cp311-win_arm64.whl", hash = "sha256:c6638687455baf640e37344fe26d37c404db8b80d037c3d29f58fe8d1c3b194d", size = 177635, upload-time = "2025-09-08T23:22:43.623Z" },
    { url = "https://files.pythonhosted.org/packages/ea/47/4f61023ea636104d4f16ab488e268b93008c3d0bb76893b1b31db1f96802/cffi-2.0.0-cp312-cp312-macosx_10_13_x86_64.whl", hash = "sha256:6d02d6655b0e54f54c4ef0b94eb6be0607b70853c45ce98bd278dc7de718be5d", size = 185271, upload-time = "2025-09-08T23:22:44.795Z" },
    { url = "https://files.pythonhosted.org/packages/df/a2/781b623f57358e360d62cdd7a8c681f074a71d445418a776eef0aadb4ab4/cffi-2.0.0-cp312-cp312-macosx_11_0_arm64.whl", hash = "sha256:8eca2a813c1cb7ad4fb74d368c2ffbbb4789d377ee5bb8df98373c2cc0dee76c", size = 181048, upload-time = "2025-09-08T23:22:45.938Z" },
    { url = "https://files.pythonhosted.org/packages/ff/df/a4f0fbd47331ceeba3d37c2e51e9dfc9722498becbeec2bd8bc856c9538a/cffi-2.0.0-cp312-cp312-manylinux1_i686.manylinux2014_i686.manylinux_2_17_i686.manylinux_2_5_i686.whl", hash = "sha256:21d1152871b019407d8ac3985f6775c079416c282e431a4da6afe7aefd2bccbe", size = 212529, upload-time = "2025-09-08T23:22:47.349Z" },
    { url = "https://files.pythonhosted.org/packages/d5/72/12b5f8d3865bf0f87cf1404d8c374e7487dcf097a1c91c436e72e6badd83/cffi-2.0.0-cp312-cp312-manylinux2014_aarch64.manylinux_2_17_aarch64.whl", hash = "sha256:b21e08af67b8a103c71a250401c78d5e0893beff75e28c53c98f4de42f774062", size = 220097, upload-time = "2025-09-08T23:22:48.677Z" },
    { url = "https://files.pythonhosted.org/packages/c2/95/7a135d52a50dfa7c882ab0ac17e8dc11cec9d55d2c18dda414c051c5e69e/cffi-2.0.0-cp312-cp312-manylinux2014_ppc64le.manylinux_2_17_ppc64le.whl", hash = "sha256:1e3a615586f05fc4065a8b22b8152f0c1b00cdbc60596d187c2a74f9e3036e4e", size = 207983, upload-time = "2025-09-08T23:22:50.06Z" },
    { url = "https://files.pythonhosted.org/packages/3a/c8/15cb9ada8895957ea171c62dc78ff3e99159ee7adb13c0123c001a2546c1/cffi-2.0.0-cp312-cp312-manylinux2014_s390x.manylinux_2_17_s390x.whl", hash = "sha256:81afed14892743bbe14dacb9e36d9e0e504cd204e0b165062c488942b9718037", size = 206519, upload-time = "2025-09-08T23:22:51.364Z" },
    { url = "https://files.pythonhosted.org/packages/78/2d/7fa73dfa841b5ac06c7b8855cfc18622132e365f5b81d02230333ff26e9e/cffi-2.0.0-cp312-cp312-manylinux2014_x86_64.manylinux_2_17_x86_64.whl", hash = "sha256:3e17ed538242334bf70832644a32a7aae3d83b57567f9fd60a26257e992b79ba", size = 219572, upload-time = "2025-09-08T23:22:52.902Z" },
    { url = "https://files.pythonhosted.org/packages/07/e0/267e57e387b4ca276b90f0434ff88b2c2241ad72b16d31836adddfd6031b/cffi-2.0.0-cp312-cp312-musllinux_1_2_aarch64.whl", hash = "sha256:3925dd22fa2b7699ed2617149842d2e6adde22b262fcbfada50e3d195e4b3a94", size = 222963, upload-time = "2025-09-08T23:22:54.518Z" },
    { url = "https://files.pythonhosted.org/packages/b6/75/1f2747525e06f53efbd878f4d03bac5b859cbc11c633d0fb81432d98a795/cffi-2.0.0-cp312-cp312-musllinux_1_2_x86_64.whl", hash = "sha256:2c8f814d84194c9ea681642fd164267891702542f028a15fc97d4674b6206187", size = 221361, upload-time = "2025-09-08T23:22:55.867Z" },
    { url = "https://files.pythonhosted.org/packages/7b/2b/2b6435f76bfeb6bbf055596976da087377ede68df465419d192acf00c437/cffi-2.0.0-cp312-cp312-win32.whl", hash = "sha256:da902562c3e9c550df360bfa53c035b2f241fed6d9aef119048073680ace4a18", size = 172932, upload-time = "2025-09-08T23:22:57.188Z" },
    { url = "https://files.pythonhosted.org/packages/f8/ed/13bd4418627013bec4ed6e54283b1959cf6db888048c7cf4b4c3b5b36002/cffi-2.0.0-cp312-cp312-win_amd64.whl", hash = "sha256:da68248800ad6320861f129cd9c1bf96ca849a2771a59e0344e88681905916f5", size = 183557, upload-time = "2025-09-08T23:22:58.351Z" },
    { url = "https://files.pythonhosted.org/packages/95/31/9f7f93ad2f8eff1dbc1c3656d7ca5bfd8fb52c9d786b4dcf19b2d02217fa/cffi-2.0.0-cp312-cp312-win_arm64.whl", hash = "sha256:4671d9dd5ec934cb9a73e7ee9676f9362aba54f7f34910956b84d727b0d73fb6", size = 177762, upload-time = "2025-09-08T23:22:59.668Z" },
    { url = "https://files.pythonhosted.org/packages/4b/8d/a0a47a0c9e413a658623d014e91e74a50cdd2c423f7ccfd44086ef767f90/cffi-2.0.0-cp313-cp313-macosx_10_13_x86_64.whl", hash = "sha256:00bdf7acc5f795150faa6957054fbbca2439db2f775ce831222b66f192f03beb", size = 185230, upload-time = "2025-09-08T23:23:00.879Z" },
    { url = "https://files.pythonhosted.org/packages/4a/d2/a6c0296814556c68ee32009d9c2ad4f85f2707cdecfd7727951ec228005d/cffi-2.0.0-cp313-cp313-macosx_11_0_arm64.whl", hash = "sha256:45d5e886156860dc35862657e1494b9bae8dfa63bf56796f2fb56e1679fc0bca", size = 181043, upload-time = "2025-09-08T23:23:02.231Z" },
    { url = "https://files.pythonhosted.org/packages/b0/1e/d22cc63332bd59b06481ceaac49d6c507598642e2230f201649058a7e704/cffi-2.0.0-cp313-cp313-manylinux1_i686.manylinux2014_i686.manylinux_2_17_i686.manylinux_2_5_i686.whl", hash = "sha256:07b271772c100085dd28b74fa0cd81c8fb1a3ba18b21e03d7c27f3436a10606b", size = 212446, upload-time = "2025-09-08T23:23:03.472Z" },
    { url = "https://files.pythonhosted.org/packages/a9/f5/a2c23eb03b61a0b8747f211eb716446c826ad66818ddc7810cc2cc19b3f2/cffi-2.0.0-cp313-cp313-manylinux2014_aarch64.manylinux_2_17_aarch64.whl", hash = "sha256:d48a880098c96020b02d5a1f7d9251308510ce8858940e6fa99ece33f610838b", size = 220101, upload-time = "2025-09-08T23:23:04.792Z" },
    { url = "https://files.pythonhosted.org/packages/f2/7f/e6647792fc5850d634695bc0e6ab4111ae88e89981d35ac269956605feba/cffi-2.0.0-cp313-cp313-manylinux2014_ppc64le.manylinux_2_17_ppc64le.whl", hash = "sha256:f93fd8e5c8c0a4aa1f424d6173f14a892044054871c771f8566e4008eaa359d2", size = 207948, upload-time = "2025-09-08T23:23:06.127Z" },
    { url = "https://files.pythonhosted.org/packages/cb/1e/a5a1bd6f1fb30f22573f76533de12a00bf274abcdc55c8edab639078abb6/cffi-2.0.0-cp313-cp313-manylinux2014_s390x.manylinux_2_17_s390x.whl", hash = "sha256:dd4f05f54a52fb558f1ba9f528228066954fee3ebe629fc1660d874d040ae5a3", size = 206422, upload-time = "2025-09-08T23:23:07.753Z" },
    { url = "https://files.pythonhosted.org/packages/98/df/0a1755e750013a2081e863e7cd37e0cdd02664372c754e5560099eb7aa44/cffi-2.0.0-cp313-cp313-manylinux2014_x86_64.manylinux_2_17_x86_64.whl", hash = "sha256:c8d3b5532fc71b7a77c09192b4a5a200ea992702734a2e9279a37f2478236f26", size = 219499, upload-time = "2025-09-08T23:23:09.648Z" },
    { url = "https://files.pythonhosted.org/packages/50/e1/a969e687fcf9ea58e6e2a928ad5e2dd88cc12f6f0ab477e9971f2309b57c/cffi-2.0.0-cp313-cp313-musllinux_1_2_aarch64.whl", hash = "sha256:d9b29c1f0ae438d5ee9acb31cadee00a58c46cc9c0b2f9038c6b0b3470877a8c", size = 222928, upload-time = "2025-09-08T23:23:10.928Z" },
    { url = "https://files.pythonhosted.org/packages/36/54/0362578dd2c9e557a28ac77698ed67323ed5b9775ca9d3fe73fe191bb5d8/cffi-2.0.0-cp313-cp313-musllinux_1_2_x86_64.whl", hash = "sha256:6d50360be4546678fc1b79ffe7a66265e28667840010348dd69a314145807a1b", size = 221302, upload-time = "2025-09-08T23:23:12.42Z" },
    { url = "https://files.pythonhosted.org/packages/eb/6d/bf9bda840d5f1dfdbf0feca87fbdb64a918a69bca42cfa0ba7b137c48cb8/cffi-2.0.0-cp313-cp313-win32.whl", hash = "sha256:74a03b9698e198d47562765773b4a8309919089150a0bb17d829ad7b44b60d27", size = 172909, upload-time = "2025-09-08T23:23:14.32Z" },
    { url = "https://files.pythonhosted.org/packages/37/18/6519e1ee6f5a1e579e04b9ddb6f1676c17368a7aba48299c3759bbc3c8b3/cffi-2.0.0-cp313-cp313-win_amd64.whl", hash = "sha256:19f705ada2530c1167abacb171925dd886168931e0a7b78f5bffcae5c6b5be75", size = 183402, upload-time = "2025-09-08T23:23:15.535Z" },
    { url = "https://files.pythonhosted.org/packages/cb/0e/02ceeec9a7d6ee63bb596121c2c8e9b3a9e150936f4fbef6ca1943e6137c/cffi-2.0.0-cp313-cp313-win_arm64.whl", hash = "sha256:256f80b80ca3853f90c21b23ee78cd008713787b1b1e93eae9f3d6a7134abd91", size = 177780, upload-time = "2025-09-08T23:23:16.761Z" },
    { url = "https://files.pythonhosted.org/packages/92/c4/3ce07396253a83250ee98564f8d7e9789fab8e58858f35d07a9a2c78de9f/cffi-2.0.0-cp314-cp314-macosx_10_13_x86_64.whl", hash = "sha256:fc33c5141b55ed366cfaad382df24fe7dcbc686de5be719b207bb248e3053dc5", size = 185320, upload-time = "2025-09-08T23:23:18.087Z" },
    { url = "https://files.pythonhosted.org/packages/59/dd/27e9fa567a23931c838c6b02d0764611c62290062a6d4e8ff7863daf9730/cffi-2.0.0-cp314-cp314-macosx_11_0_arm64.whl", hash = "sha256:c654de545946e0db659b3400168c9ad31b5d29593291482c43e3564effbcee13", size = 181487, upload-time = "2025-09-08T23:23:19.622Z" },
    { url = "https://files.pythonhosted.org/packages/d6/43/0e822876f87ea8a4ef95442c3d766a06a51fc5298823f884ef87aaad168c/cffi-2.0.0-cp314-cp314-manylinux2014_aarch64.manylinux_2_17_aarch64.whl", hash = "sha256:24b6f81f1983e6df8db3adc38562c83f7d4a0c36162885ec7f7b77c7dcbec97b", size = 220049, upload-time = "2025-09-08T23:23:20.853Z" },
    { url = "https://files.pythonhosted.org/packages/b4/89/76799151d9c2d2d1ead63c2429da9ea9d7aac304603de0c6e8764e6e8e70/cffi-2.0.0-cp314-cp314-manylinux2014_ppc64le.manylinux_2_17_ppc64le.whl", hash = "sha256:12873ca6cb9b0f0d3a0da705d6086fe911591737a59f28b7936bdfed27c0d47c", size = 207793, upload-time = "2025-09-08T23:23:22.08Z" },
    { url = "https://files.pythonhosted.org/packages/bb/dd/3465b14bb9e24ee24cb88c9e3730f6de63111fffe513492bf8c808a3547e/cffi-2.0.0-cp314-cp314-manylinux2014_s390x.manylinux_2_17_s390x.whl", hash = "sha256:d9b97165e8aed9272a6bb17c01e3cc5871a594a446ebedc996e2397a1c1ea8ef", size = 206300, upload-time = "2025-09-08T23:23:23.314Z" },
    { url = "https://files.pythonhosted.org/packages/47/d9/d83e293854571c877a92da46fdec39158f8d7e68da75bf73581225d28e90/cffi-2.0.0-cp314-cp314-manylinux2014_x86_64.manylinux_2_17_x86_64.whl", hash = "sha256:afb8db5439b81cf9c9d0c80404b60c3cc9c3add93e114dcae767f1477cb53775", size = 219244, upload-time = "2025-09-08T23:23:24.541Z" },
    { url = "https://files.pythonhosted.org/packages/2b/0f/1f177e3683aead2bb00f7679a16451d302c436b5cbf2505f0ea8146ef59e/cffi-2.0.0-cp314-cp314-musllinux_1_2_aarch64.whl", hash = "sha256:737fe7d37e1a1bffe70bd5754ea763a62a066dc5913ca57e957824b72a85e205", size = 222828, upload-time = "2025-09-08T23:23:26.143Z" },
    { url = "https://files.pythonhosted.org/packages/c6/0f/cafacebd4b040e3119dcb32fed8bdef8dfe94da653155f9d0b9dc660166e/cffi-2.0.0-cp314-cp314-musllinux_1_2_x86_64.whl", hash = "sha256:38100abb9d1b1435bc4cc340bb4489635dc2f0da7456590877030c9b3d40b0c1", size = 220926, upload-time = "2025-09-08T23:23:27.873Z" },
    { url = "https://files.pythonhosted.org/packages/3e/aa/df335faa45b395396fcbc03de2dfcab242cd61a9900e914fe682a59170b1/cffi-2.0.0-cp314-cp314-win32.whl", hash = "sha256:087067fa8953339c723661eda6b54bc98c5625757ea62e95eb4898ad5e776e9f", size = 175328, upload-time = "2025-09-08T23:23:44.61Z" },
    { url = "https://files.pythonhosted.org/packages/bb/92/882c2d30831744296ce713f0feb4c1cd30f346ef747b530b5318715cc367/cffi-2.0.0-cp314-cp314-win_amd64.whl", hash = "sha256:203a48d1fb583fc7d78a4c6655692963b860a417c0528492a6bc21f1aaefab25", size = 185650, upload-time = "2025-09-08T23:23:45.848Z" },
    { url = "https://files.pythonhosted.org/packages/9f/2c/98ece204b9d35a7366b5b2c6539c350313ca13932143e79dc133ba757104/cffi-2.0.0-cp314-cp314-win_arm64.whl", hash = "sha256:dbd5c7a25a7cb98f5ca55d258b103a2054f859a46ae11aaf23134f9cc0d356ad", size = 180687, upload-time = "2025-09-08T23:23:47.105Z" },
    { url = "https://files.pythonhosted.org/packages/3e/61/c768e4d548bfa607abcda77423448df8c471f25dbe64fb2ef6d555eae006/cffi-2.0.0-cp314-cp314t-macosx_10_13_x86_64.whl", hash = "sha256:9a67fc9e8eb39039280526379fb3a70023d77caec1852002b4da7e8b270c4dd9", size = 188773, upload-time = "2025-09-08T23:23:29.347Z" },
    { url = "https://files.pythonhosted.org/packages/2c/ea/5f76bce7cf6fcd0ab1a1058b5af899bfbef198bea4d5686da88471ea0336/cffi-2.0.0-cp314-cp314t-macosx_11_0_arm64.whl", hash = "sha256:7a66c7204d8869299919db4d5069a82f1561581af12b11b3c9f48c584eb8743d", size = 185013, upload-time = "2025-09-08T23:23:30.63Z" },
    { url = "https://files.pythonhosted.org/packages/be/b4/c56878d0d1755cf9caa54ba71e5d049479c52f9e4afc230f06822162ab2f/cffi-2.0.0-cp314-cp314t-manylinux2014_aarch64.manylinux_2_17_aarch64.whl", hash = "sha256:7cc09976e8b56f8cebd752f7113ad07752461f48a58cbba644139015ac24954c", size = 221593, upload-time = "2025-09-08T23:23:31.91Z" },
    { url = "https://files.pythonhosted.org/packages/e0/0d/eb704606dfe8033e7128df5e90fee946bbcb64a04fcdaa97321309004000/cffi-2.0.0-cp314-cp314t-manylinux2014_ppc64le.manylinux_2_17_ppc64le.whl", hash = "sha256:92b68146a71df78564e4ef48af17551a5ddd142e5190cdf2c5624d0c3ff5b2e8", size = 209354, upload-time = "2025-09-08T23:23:33.214Z" },
    { url = "https://files.pythonhosted.org/packages/d8/19/3c435d727b368ca475fb8742ab97c9cb13a0de600ce86f62eab7fa3eea60/cffi-2.0.0-cp314-cp314t-manylinux2014_s390x.manylinux_2_17_s390x.whl", hash = "sha256:b1e74d11748e7e98e2f426ab176d4ed720a64412b6a15054378afdb71e0f37dc", size = 208480, upload-time = "2025-09-08T23:23:34.495Z" },
    { url = "https://files.pythonhosted.org/packages/d0/44/681604464ed9541673e486521497406fadcc15b5217c3e326b061696899a/cffi-2.0.0-cp314-cp314t-manylinux2014_x86_64.manylinux_2_17_x86_64.whl", hash = "sha256:28a3a209b96630bca57cce802da70c266eb08c6e97e5afd61a75611ee6c64592", size = 221584, upload-time = "2025-09-08T23:23:36.096Z" },
    { url = "https://files.pythonhosted.org/packages/25/8e/342a504ff018a2825d395d44d63a767dd8ebc927ebda557fecdaca3ac33a/cffi-2.0.0-cp314-cp314t-musllinux_1_2_aarch64.whl", hash = "sha256:7553fb2090d71822f02c629afe6042c299edf91ba1bf94951165613553984512", size = 224443, upload-time = "2025-09-08T23:23:37.328Z" },
    { url = "https://files.pythonhosted.org/packages/e1/5e/b666bacbbc60fbf415ba9988324a132c9a7a0448a9a8f125074671c0f2c3/cffi-2.0.0-cp314-cp314t-musllinux_1_2_x86_64.whl", hash = "sha256:6c6c373cfc5c83a975506110d17457138c8c63016b563cc9ed6e056a82f13ce4", size = 223437, upload-time = "2025-09-08T23:23:38.945Z" },
    { url = "https://files.pythonhosted.org/packages/a0/1d/ec1a60bd1a10daa292d3cd6bb0b359a81607154fb8165f3ec95fe003b85c/cffi-2.0.0-cp314-cp314t-win32.whl", hash = "sha256:1fc9ea04857caf665289b7a75923f2c6ed559b8298a1b8c49e59f7dd95c8481e", size = 180487, upload-time = "2025-09-08T23:23:40.423Z" },
    { url = "https://files.pythonhosted.org/packages/bf/41/4c1168c74fac325c0c8156f04b6749c8b6a8f405bbf91413ba088359f60d/cffi-2.0.0-cp314-cp314t-win_amd64.whl", hash = "sha256:d68b6cef7827e8641e8ef16f4494edda8b36104d79773a334beaa1e3521430f6", size = 191726, upload-time = "2025-09-08T23:23:41.742Z" },
    { url = "https://files.pythonhosted.org/packages/ae/3a/dbeec9d1ee0844c679f6bb5d6ad4e9f198b1224f4e7a32825f47f6192b0c/cffi-2.0.0-cp314-cp314t-win_arm64.whl", hash = "sha256:0a1527a803f0a659de1af2e1fd700213caba79377e27e4693648c2923da066f9", size = 184195, upload-time = "2025-09-08T23:23:43.004Z" },
    { url = "https://files.pythonhosted.org/packages/c0/cc/08ed5a43f2996a16b462f64a7055c6e962803534924b9b2f1371d8c00b7b/cffi-2.0.0-cp39-cp39-macosx_10_13_x86_64.whl", hash = "sha256:fe562eb1a64e67dd297ccc4f5addea2501664954f2692b69a76449ec7913ecbf", size = 184288, upload-time = "2025-09-08T23:23:48.404Z" },
    { url = "https://files.pythonhosted.org/packages/3d/de/38d9726324e127f727b4ecc376bc85e505bfe61ef130eaf3f290c6847dd4/cffi-2.0.0-cp39-cp39-macosx_11_0_arm64.whl", hash = "sha256:de8dad4425a6ca6e4e5e297b27b5c824ecc7581910bf9aee86cb6835e6812aa7", size = 180509, upload-time = "2025-09-08T23:23:49.73Z" },
    { url = "https://files.pythonhosted.org/packages/9b/13/c92e36358fbcc39cf0962e83223c9522154ee8630e1df7c0b3a39a8124e2/cffi-2.0.0-cp39-cp39-manylinux1_i686.manylinux2014_i686.manylinux_2_17_i686.manylinux_2_5_i686.whl", hash = "sha256:4647afc2f90d1ddd33441e5b0e85b16b12ddec4fca55f0d9671fef036ecca27c", size = 208813, upload-time = "2025-09-08T23:23:51.263Z" },
    { url = "https://files.pythonhosted.org/packages/15/12/a7a79bd0df4c3bff744b2d7e52cc1b68d5e7e427b384252c42366dc1ecbc/cffi-2.0.0-cp39-cp39-manylinux2014_aarch64.manylinux_2_17_aarch64.whl", hash = "sha256:3f4d46d8b35698056ec29bca21546e1551a205058ae1a181d871e278b0b28165", size = 216498, upload-time = "2025-09-08T23:23:52.494Z" },
    { url = "https://files.pythonhosted.org/packages/a3/ad/5c51c1c7600bdd7ed9a24a203ec255dccdd0ebf4527f7b922a0bde2fb6ed/cffi-2.0.0-cp39-cp39-manylinux2014_ppc64le.manylinux_2_17_ppc64le.whl", hash = "sha256:e6e73b9e02893c764e7e8d5bb5ce277f1a009cd5243f8228f75f842bf937c534", size = 203243, upload-time = "2025-09-08T23:23:53.836Z" },
    { url = "https://files.pythonhosted.org/packages/32/f2/81b63e288295928739d715d00952c8c6034cb6c6a516b17d37e0c8be5600/cffi-2.0.0-cp39-cp39-manylinux2014_s390x.manylinux_2_17_s390x.whl", hash = "sha256:cb527a79772e5ef98fb1d700678fe031e353e765d1ca2d409c92263c6d43e09f", size = 203158, upload-time = "2025-09-08T23:23:55.169Z" },
    { url = "https://files.pythonhosted.org/packages/1f/74/cc4096ce66f5939042ae094e2e96f53426a979864aa1f96a621ad128be27/cffi-2.0.0-cp39-cp39-manylinux2014_x86_64.manylinux_2_17_x86_64.whl", hash = "sha256:61d028e90346df14fedc3d1e5441df818d095f3b87d286825dfcbd6459b7ef63", size = 216548, upload-time = "2025-09-08T23:23:56.506Z" },
    { url = "https://files.pythonhosted.org/packages/e8/be/f6424d1dc46b1091ffcc8964fa7c0ab0cd36839dd2761b49c90481a6ba1b/cffi-2.0.0-cp39-cp39-musllinux_1_2_aarch64.whl", hash = "sha256:0f6084a0ea23d05d20c3edcda20c3d006f9b6f3fefeac38f59262e10cef47ee2", size = 218897, upload-time = "2025-09-08T23:23:57.825Z" },
    { url = "https://files.pythonhosted.org/packages/f7/e0/dda537c2309817edf60109e39265f24f24aa7f050767e22c98c53fe7f48b/cffi-2.0.0-cp39-cp39-musllinux_1_2_i686.whl", hash = "sha256:1cd13c99ce269b3ed80b417dcd591415d3372bcac067009b6e0f59c7d4015e65", size = 211249, upload-time = "2025-09-08T23:23:59.139Z" },
    { url = "https://files.pythonhosted.org/packages/2b/e7/7c769804eb75e4c4b35e658dba01de1640a351a9653c3d49ca89d16ccc91/cffi-2.0.0-cp39-cp39-musllinux_1_2_x86_64.whl", hash = "sha256:89472c9762729b5ae1ad974b777416bfda4ac5642423fa93bd57a09204712322", size = 218041, upload-time = "2025-09-08T23:24:00.496Z" },
    { url = "https://files.pythonhosted.org/packages/aa/d9/6218d78f920dcd7507fc16a766b5ef8f3b913cc7aa938e7fc80b9978d089/cffi-2.0.0-cp39-cp39-win32.whl", hash = "sha256:2081580ebb843f759b9f617314a24ed5738c51d2aee65d31e02f6f7a2b97707a", size = 172138, upload-time = "2025-09-08T23:24:01.7Z" },
    { url = "https://files.pythonhosted.org/packages/54/8f/a1e836f82d8e32a97e6b29cc8f641779181ac7363734f12df27db803ebda/cffi-2.0.0-cp39-cp39-win_amd64.whl", hash = "sha256:b882b3df248017dba09d6b16defe9b5c407fe32fc7c65a9c69798e6175601be9", size = 182794, upload-time = "2025-09-08T23:24:02.943Z" },
]

[[package]]
name = "cryptg"
version = "0.5.1"
source = { registry = "https://pypi.org/simple" }
sdist = { url = "https://files.pythonhosted.org/packages/05/61/1ffc214453771b5ddc9bed3fa3f498ad3e88a132bf86085c5c3698a93ea6/cryptg-0.5.1.tar.gz", hash = "sha256:c065f6e75d4b56f2ef2ef23a6cfb91851087831ee2f4f77d957ad06b869de901", size = 13349, upload-time = "2025-07-26T10:04:08.503Z" }
wheels = [
    { url = "https://files.pythonhosted.org/packages/76/25/758a6c600896bbafc16cb75970a813e8a942bb186b62a0b1caa3ff694617/cryptg-0.5.1-cp310-cp310-macosx_11_0_arm64.whl", hash = "sha256:7ba267eb95238ea725455206ce8daed99d312194181c85887535c588313cf752", size = 216329, upload-time = "2025-07-26T10:39:42.966Z" },
    { url = "https://files.pythonhosted.org/packages/84/91/713e2bbbac1c7feec471a9d522171227f7ad270808b5cc246315a20e5e00/cryptg-0.5.1-cp310-cp310-manylinux_2_28_aarch64.whl", hash = "sha256:fdb8f79b5b537b0179892711b81737d75218da2daa74be26ca4a4ba0136e00fd", size = 243032, upload-time = "2025-07-26T10:39:44.18Z" },
    { url = "https://files.pythonhosted.org/packages/e0/43/bf68738385ec70bd8f3a8cf455cb5ff66f7b5706fc1f8b47effc267ff33b/cryptg-0.5.1-cp310-cp310-manylinux_2_28_x86_64.whl", hash = "sha256:493aadb0d23b8dc67711ac2af1f55c45b3a336aec9a22c97b2c5b274f0b572ac", size = 244534, upload-time = "2025-07-26T10:39:45.351Z" },
    { url = "https://files.pythonhosted.org/packages/13/43/4bbe4fbd8442e1920ded62e562f2318dd4dabda7696d0613d1f16881ae8a/cryptg-0.5.1-cp310-cp310-win32.whl", hash = "sha256:974070d4e45ae765f67bb42ebcb62614a044a007633220ef92cc2967effcdf34", size = 113666, upload-time = "2025-07-26T10:39:47.197Z" },
    { url = "https://files.pythonhosted.org/packages/62/95/4fd4c6d95880426f3a1f64d116dbf81b8537a7dafbbc15dbb18d0bb55744/cryptg-0.5.1-cp310-cp310-win_amd64.whl", hash = "sha256:60a8793b7f90f51bca4f95324d7d3f9e1ce13fb58bcdf356c3321b56a7406b2b", size = 114159, upload-time = "2025-07-26T10:39:46.278Z" },
    { url = "https://files.pythonhosted.org/packages/18/7b/75e2c48135c3a73271239a313d92b8f4634be659b1abdbb24627288d0f1c/cryptg-0.5.1-cp311-cp311-macosx_11_0_arm64.whl", hash = "sha256:1783338bc6d6f994c515817767f2fe7b865c5bbe76acf1982363d6ef5ac78c94", size = 215979, upload-time = "2025-07-26T10:39:48.417Z" },
    { url = "https://files.pythonhosted.org/packages/57/e1/958070f088a44708b751d267ca2a75576c9dd3445751438c263aea9105f8/cryptg-0.5.1-cp311-cp311-manylinux_2_28_aarch64.whl", hash = "sha256:868e6d2956ccefe32a83d6fb29447b377a5ba1952625631098dc2d469a4294a7", size = 242848, upload-time = "2025-07-26T10:39:49.381Z" },
    { url = "https://files.pythonhosted.org/packages/0f/4f/8cc151e5d8a7ccf4693ef8a596026db1f3b435d6314d68241caf300761d9/cryptg-0.5.1-cp311-cp311-manylinux_2_28_x86_64.whl", hash = "sha256:b5fc875cd874e841697b753d596eb1d58ea621cab5c04714026c544afe06db69", size = 244332, upload-time = "2025-07-26T10:39:50.352Z" },
    { url = "https://files.pythonhosted.org/packages/aa/63/a349c0645d0670a0a87723e13acedb2e660571fc94d4e9bfa58e92650655/cryptg-0.5.1-cp311-cp311-win32.whl", hash = "sha256:6fb92f2f473a971cbc99644100f037085cfcd6e781cd2908fc5a4eedb06c8590", size = 113604, upload-time = "2025-07-26T10:39:52.545Z" },
    { url = "https://files.pythonhosted.org/packages/81/80/d7f621913c855bdae526703553608f8fd0bc38ae5859e507d7ce9c8dbe3f/cryptg-0.5.1-cp311-cp311-win_amd64.whl", hash = "sha256:b638f4621555bbf7c4419b128972d9f93d40a0da5fc4c281484a32685d97dc33", size = 114130, upload-time = "2025-07-26T10:39:51.296Z" },
    { url = "https://files.pythonhosted.org/packages/82/42/3d9adf68b96af21d40186344a4dd848fbde295924b58b2ffb266935948b2/cryptg-0.5.1-cp312-cp312-macosx_11_0_arm64.whl", hash = "sha256:cd1f08f16b276a12f8fa2b5676cda6006532a8a687bce8ca871643943901ebd0", size = 212842, upload-time = "2025-07-26T10:39:53.725Z" },
    { url = "https://files.pythonhosted.org/packages/4f/e3/1583b3cb72b0ac98d184fe47d24a181a47ef7a41df3d14f2586cbc1de4a7/cryptg-0.5.1-cp312-cp312-manylinux_2_28_aarch64.whl", hash = "sha256:0751690552b9bd95a8c5d4553609c1e8dc48734f76ffa27c39280ca7c356afd7", size = 242400, upload-time = "2025-07-26T10:39:54.606Z" },
    { url = "https://files.pythonhosted.org/packages/4d/d5/f38d8d89eb0dad98b69bf1aef109001632a0b014f2726c8a628d73fd7ecd/cryptg-0.5.1-cp312-cp312-manylinux_2_28_x86_64.whl", hash = "sha256:b1f8634967b424ed2b68adf13f9829c56356ebf5a239e33d5502a4ffa190db7b", size = 243776, upload-time = "2025-07-26T10:39:55.497Z" },
    { url = "https://files.pythonhosted.org/packages/a2/77/79d5e45a4a82e949706daec0ceb28212e5a770796903dc17953d777a0399/cryptg-0.5.1-cp312-cp312-win32.whl", hash = "sha256:49614f84a0809fcda607fa54cf22a4fc65ec28163effeded314e9d197e2a701a", size = 113679, upload-time = "2025-07-26T10:39:57.899Z" },
    { url = "https://files.pythonhosted.org/packages/2b/ab/f2ec09d90ceb4ff7f53f1c5a9fdec34a8a982a0b023b62a8a185dd07f276/cryptg-0.5.1-cp312-cp312-win_amd64.whl", hash = "sha256:1450d8bab5d14c4bf91f58ba6ae7adae8468ff3abc49516bb3a20e1e388926b4", size = 114214, upload-time = "2025-07-26T10:39:56.735Z" },
    { url = "https://files.pythonhosted.org/packages/bf/1c/f578151b6ca1f8acd57c7c4cd67c73fc1759429a101121779feb96701129/cryptg-0.5.1-cp313-cp313-macosx_11_0_arm64.whl", hash = "sha256:337dfd79c0c525120e37d679b75e47bb8c0fb2ae4caeda375fbc75a64212765b", size = 213019, upload-time = "2025-07-26T10:39:58.808Z" },
    { url = "https://files.pythonhosted.org/packages/e7/dc/b1ab9bf2038d885e05ce66fa2b9928e0d77771df5be4a60ae6cfbab000df/cryptg-0.5.1-cp313-cp313-manylinux_2_28_aarch64.whl", hash = "sha256:92300e47755fa435333ff842e4f4e2d19618c3dc3b8adbe9b23f9f3f80324dc7", size = 242629, upload-time = "2025-07-26T10:39:59.731Z" },
    { url = "https://files.pythonhosted.org/packages/f4/09/c740e40d02ad03d004fe763205b39d32e4fd35f07b6443fa8c39ec3d33b3/cryptg-0.5.1-cp313-cp313-manylinux_2_28_x86_64.whl", hash = "sha256:0876e293e7a77ba6900b7efaa9b7877c8e0b3774f7a9c7e430b696f686001a58", size = 243540, upload-time = "2025-07-26T10:40:00.812Z" },
    { url = "https://files.pythonhosted.org/packages/c5/4b/abe5c26ac0a120924be8a454a5cdcf9b78073ad92fc9767487c9ed70c6ad/cryptg-0.5.1-cp313-cp313-win32.whl", hash = "sha256:c9567843e163d592d1de4be0847a9c0c0d9978f6e830452834615c8d3bfbca46", size = 113702, upload-time = "2025-07-26T10:40:03.626Z" },
    { url = "https://files.pythonhosted.org/packages/c6/f6/d77790c163fc23fd95607578ff69194a9ae6cc208186f132687b48e5d62f/cryptg-0.5.1-cp313-cp313-win_amd64.whl", hash = "sha256:83acb386ad24a5b299ade4926f11f5bf7517d4fca96b0467bd7c4fb2f3213baa", size = 113980, upload-time = "2025-07-26T10:40:02.735Z" },
    { url = "https://files.pythonhosted.org/packages/c6/f9/b6346a860942c88497e0cd54046046f312ac4dc2c409cc3994e8af855c5d/cryptg-0.5.1-cp39-cp39-macosx_11_0_arm64.whl", hash = "sha256:d1bd5c2d52feccef3cf3e837c1b9107c7e91a3195158b2445873dd15f59bcdd5", size = 216654, upload-time = "2025-07-26T10:40:09.835Z" },
    { url = "https://files.pythonhosted.org/packages/f2/a0/743f61843ae825fad2d9ec6babfae5410c0e96626e9ffdde039f35c0e475/cryptg-0.5.1-cp39-cp39-manylinux_2_28_aarch64.whl", hash = "sha256:6c4fc26f5188331a3e8fe4cbe57342f2420ee95249ae8f80edfe8137a47641e8", size = 243608, upload-time = "2025-07-26T10:40:10.904Z" },
    { url = "https://files.pythonhosted.org/packages/42/cb/621c4d6771286ad13a8cbb1f4637d9f1be9d9474af7eb61b12621f4b70e8/cryptg-0.5.1-cp39-cp39-manylinux_2_28_x86_64.whl", hash = "sha256:bd79bc320e8afa40d62407f5930fb4c26b22619fe923e45631080ecc6411bb50", size = 245085, upload-time = "2025-07-26T10:40:12.637Z" },
    { url = "https://files.pythonhosted.org/packages/2d/22/e56812ea082ae01d43ad852a9e1a4887c331b3ce4844c8ae90cff16a8d4d/cryptg-0.5.1-cp39-cp39-win32.whl", hash = "sha256:b2da310acf4dc8ff17ea5907791d89f4390ebfc92d45346ce8d8919210f3fbc0", size = 113834, upload-time = "2025-07-26T10:40:14.871Z" },
    { url = "https://files.pythonhosted.org/packages/7f/a7/9ad8e40886b992668790cd8d19e0ae5fef11a0d118ae716ac784ff5a5983/cryptg-0.5.1-cp39-cp39-win_amd64.whl", hash = "sha256:3865cae2abfc57d316f9b3457ddb972e59b5b235f04bbb694790cd9394870966", size = 114447, upload-time = "2025-07-26T10:40:13.989Z" },
    { url = "https://files.pythonhosted.org/packages/c1/e7/487f0a65edf0c988d5a36918d4c52acc19d2904a973d0ebf151b5798cd68/cryptg-0.5.1-pp310-pypy310_pp73-macosx_11_0_arm64.whl", hash = "sha256:b5db16d253456b310da0e9be4c336788dedebb8e063c9c8b4db98617fb29c38d", size = 217421, upload-time = "2025-07-26T10:40:15.979Z" },
    { url = "https://files.pythonhosted.org/packages/35/5d/69c264e3f0249209ac4728c24d3827f50180788b2c1525a709441968c17b/cryptg-0.5.1-pp310-pypy310_pp73-manylinux_2_28_aarch64.whl", hash = "sha256:933e89ed956a4212a55fd4ee7df1665ec5aa3f2cef8a709b79c2a2899d09ba62", size = 243912, upload-time = "2025-07-26T10:40:17.205Z" },
    { url = "https://files.pythonhosted.org/packages/27/77/5d804b70e66820db357f0d0e28ce3c6a9c64e7cf1c253efb33e33081b820/cryptg-0.5.1-pp310-pypy310_pp73-manylinux_2_28_x86_64.whl", hash = "sha256:1530bc7090ad86db1fc5b09aea8ebf7a74175251c839b7d81c620f87f5f55ec6", size = 245350, upload-time = "2025-07-26T10:40:18.164Z" },
    { url = "https://files.pythonhosted.org/packages/cc/69/378b828185a9212e797e0d4d2f5d971e5f1d5f59f4763ef36a680fa80a1c/cryptg-0.5.1-pp310-pypy310_pp73-win_amd64.whl", hash = "sha256:723e85fde34b4e77e43e0dbf196facd1bbf1b7466f34f8fa08f71b762d608d69", size = 115289, upload-time = "2025-07-26T10:40:19.091Z" },
    { url = "https://files.pythonhosted.org/packages/68/c1/67634633c9663032658e8d86016048bf141b3bc81c0d891b414bb524c360/cryptg-0.5.1-pp311-pypy311_pp73-macosx_11_0_arm64.whl", hash = "sha256:baeeb1dae58a805e1e93e6b0416ba0bcbc3d6fbc7797b153a1178d93b6931978", size = 217145, upload-time = "2025-07-26T10:40:19.952Z" },
    { url = "https://files.pythonhosted.org/packages/56/38/26dfa132d769488c4b5c053bca9fe108700cb79647ab39f86077ac22277d/cryptg-0.5.1-pp311-pypy311_pp73-manylinux_2_28_aarch64.whl", hash = "sha256:a1d061c1a98a170dc7492eb20337f84ab64e8b1a0dad095190c74d4469fa378d", size = 243635, upload-time = "2025-07-26T10:40:20.927Z" },
    { url = "https://files.pythonhosted.org/packages/c0/08/cd123bfaa15b1a4c8e4d13c7e038a41f7f24667c5442e069202ae6db0b6d/cryptg-0.5.1-pp311-pypy311_pp73-manylinux_2_28_x86_64.whl", hash = "sha256:c7e39a56301e3dd1c3eff6784e0ba5013648f7ed4b54bd5e8e2e4910361d0181", size = 245012, upload-time = "2025-07-26T10:40:22.005Z" },
    { url = "https://files.pythonhosted.org/packages/d3/1f/ad30263ae738e2a35a0075468fc2b5cdd6fef3ce715d0541f4cbff6aa1ec/cryptg-0.5.1-pp311-pypy311_pp73-win_amd64.whl", hash = "sha256:15dd113b6755d339dc07de27fa82bc3e219e78e4a2c427b11f7beb8f745e38bb", size = 115202, upload-time = "2025-07-26T10:40:23.01Z" },
    { url = "https://files.pythonhosted.org/packages/86/86/03cda83c0f2cf27d6fa1fef3fe0dbc4b57a12324e96e7c66680373fb5b0e/cryptg-0.5.1-pp39-pypy39_pp73-macosx_11_0_arm64.whl", hash = "sha256:60e8a2d078738efd157d920f6b3868d9898f121a24dae554b9e4f42d2c553740", size = 217519, upload-time = "2025-07-26T10:40:23.896Z" },
    { url = "https://files.pythonhosted.org/packages/86/33/0ce77f4662b4dfd0f91b37ec1346e11726664377021b6b6f98f85837acd6/cryptg-0.5.1-pp39-pypy39_pp73-manylinux_2_28_aarch64.whl", hash = "sha256:5370bdc37dcbcde07d1e96e4de7450250bfd240a75eef9f945bf123f4f15b7d1", size = 244052, upload-time = "2025-07-26T10:40:25.272Z" },
    { url = "https://files.pythonhosted.org/packages/b6/86/0068e15c011807042dd2fc98e8f6c8ec9fe6e5009781af5370c423e62f6d/cryptg-0.5.1-pp39-pypy39_pp73-manylinux_2_28_x86_64.whl", hash = "sha256:08f4ad99443093cb5250f12462eacce418c9dff3021e5e988fb8cdfa9219f35f", size = 245565, upload-time = "2025-07-26T10:40:26.542Z" },
    { url = "https://files.pythonhosted.org/packages/90/7a/56c990640950ca25cfad863e4f258920cca1e82bb5cbb6deb1959bdf31da/cryptg-0.5.1-pp39-pypy39_pp73-win_amd64.whl", hash = "sha256:a0a8a202538f8fd42db88d588e4202dfcb41c7d88a47f997c54c5ab8113f87f2", size = 115202, upload-time = "2025-07-26T10:40:27.497Z" },
]

[[package]]
name = "humanize"
version = "4.13.0"
source = { registry = "https://pypi.org/simple" }
sdist = { url = "https://files.pythonhosted.org/packages/98/1d/3062fcc89ee05a715c0b9bfe6490c00c576314f27ffee3a704122c6fd259/humanize-4.13.0.tar.gz", hash = "sha256:78f79e68f76f0b04d711c4e55d32bebef5be387148862cb1ef83d2b58e7935a0", size = 81884, upload-time = "2025-08-25T09:39:20.04Z" }
wheels = [
    { url = "https://files.pythonhosted.org/packages/1e/c7/316e7ca04d26695ef0635dc81683d628350810eb8e9b2299fc08ba49f366/humanize-4.13.0-py3-none-any.whl", hash = "sha256:b810820b31891813b1673e8fec7f1ed3312061eab2f26e3fa192c393d11ed25f", size = 128869, upload-time = "2025-08-25T09:39:18.54Z" },
]

[[package]]
name = "pyaes"
version = "1.6.1"
source = { registry = "https://pypi.org/simple" }
sdist = { url = "https://files.pythonhosted.org/packages/44/66/2c17bae31c906613795711fc78045c285048168919ace2220daa372c7d72/pyaes-1.6.1.tar.gz", hash = "sha256:02c1b1405c38d3c370b085fb952dd8bea3fadcee6411ad99f312cc129c536d8f", size = 28536, upload-time = "2017-09-20T21:17:54.23Z" }

[[package]]
name = "pyasn1"
version = "0.6.1"
source = { registry = "https://pypi.org/simple" }
sdist = { url = "https://files.pythonhosted.org/packages/ba/e9/01f1a64245b89f039897cb0130016d79f77d52669aae6ee7b159a6c4c018/pyasn1-0.6.1.tar.gz", hash = "sha256:6f580d2bdd84365380830acf45550f2511469f673cb4a5ae3857a3170128b034", size = 145322, upload-time = "2024-09-10T22:41:42.55Z" }
wheels = [
    { url = "https://files.pythonhosted.org/packages/c8/f1/d6a797abb14f6283c0ddff96bbdd46937f64122b8c925cab503dd37f8214/pyasn1-0.6.1-py3-none-any.whl", hash = "sha256:0d632f46f2ba09143da3a8afe9e33fb6f92fa2320ab7e886e2d0f7672af84629", size = 83135, upload-time = "2024-09-11T16:00:36.122Z" },
]

[[package]]
name = "pycparser"
version = "2.23"
source = { registry = "https://pypi.org/simple" }
sdist = { url = "https://files.pythonhosted.org/packages/fe/cf/d2d3b9f5699fb1e4615c8e32ff220203e43b248e1dfcc6736ad9057731ca/pycparser-2.23.tar.gz", hash = "sha256:78816d4f24add8f10a06d6f05b4d424ad9e96cfebf68a4ddc99c65c0720d00c2", size = 173734, upload-time = "2025-09-09T13:23:47.91Z" }
wheels = [
    { url = "https://files.pythonhosted.org/packages/a0/e3/59cd50310fc9b59512193629e1984c1f95e5c8ae6e5d8c69532ccc65a7fe/pycparser-2.23-py3-none-any.whl", hash = "sha256:e5c6e8d3fbad53479cab09ac03729e0a9faf2bee3db8208a550daf5af81a5934", size = 118140, upload-time = "2025-09-09T13:23:46.651Z" },
]

[[package]]
name = "rsa"
version = "4.9.1"
source = { registry = "https://pypi.org/simple" }
dependencies = [
    { name = "pyasn1" },
]
sdist = { url = "https://files.pythonhosted.org/packages/da/8a/22b7beea3ee0d44b1916c0c1cb0ee3af23b700b6da9f04991899d0c555d4/rsa-4.9.1.tar.gz", hash = "sha256:e7bdbfdb5497da4c07dfd35530e1a902659db6ff241e39d9953cad06ebd0ae75", size = 29034, upload-time = "2025-04-16T09:51:18.218Z" }
wheels = [
    { url = "https://files.pythonhosted.org/packages/64/8d/0133e4eb4beed9e425d9a98ed6e081a55d195481b7632472be1af08d2f6b/rsa-4.9.1-py3-none-any.whl", hash = "sha256:68635866661c6836b8d39430f97a996acbd61bfa49406748ea243539fe239762", size = 34696, upload-time = "2025-04-16T09:51:17.142Z" },
]

[[package]]
name = "telegram-download-daemon-ng"
version = "1.0.0b9"
source = { editable = "." }
dependencies = [
    { name = "cffi" },
    { name = "cryptg" },
    { name = "humanize" },
    { name = "pyaes" },
    { name = "pyasn1" },
    { name = "pycparser" },
    { name = "rsa" },
    { name = "telethon" },
]

[package.metadata]
requires-dist = [
    { name = "cffi", specifier = "==2.0.0" },
    { name = "cryptg", specifier = "==0.5.1" },
    { name = "humanize", specifier = "==4.13.0" },
    { name = "pyaes", specifier = "==1.6.1" },
    { name = "pyasn1", specifier = "==0.6.1" },
    { name = "pycparser", specifier = "==2.23" },
    { name = "rsa", specifier = "==4.9.1" },
    { name = "telethon", specifier = "==1.41.2" },
]

[[package]]
name = "telethon"
version = "1.41.2"
source = { registry = "https://pypi.org/simple" }
dependencies = [
    { name = "pyaes" },
    { name = "rsa" },
]
sdist = { url = "https://files.pythonhosted.org/packages/86/6a/3fc30b39eac0a8c770418c0f393d3ff040b9205938a1492d60f08934e97a/telethon-1.41.2.tar.gz", hash = "sha256:300a3441df62668378626b46cafda346573e9ac296367182510756334d2bdc5e", size = 669173, upload-time = "2025-09-04T19:08:02.026Z" }
wheels = [
    { url = "https://files.pythonhosted.org/packages/78/e0/2fb26c432ee4259a6d4ab427196b84a2b0c81db232337b02cf2a09df1896/telethon-1.41.2-py3-none-any.whl", hash = "sha256:28b6b1023a0753a32039e6d1fda4b63cac138ce894cd5cbcac1d5ddd2f8426d8", size = 744889, upload-time = "2025-09-04T19:08:00.181Z" },
]
