version = 1
revision = 3
requires-python = ">=3.9, <4.0"

[[package]]
name = "cffi"
version = "2.0.0"
source = { registry = "https://pypi.org/simple" }
dependencies = [
    { name = "pycparser", marker = "implementation_name != 'PyPy'" },
]
sdist = { url = "https://files.pythonhosted.org/packages/eb/56/b1ba7935a17738ae8453301356628e8147c79dbb825bcbc73dc7401f9846/cffi-2.0.0.tar.gz", hash = "sha256:44d1b5909021139fe36001ae048dbdde8214afa20200eda0f64c068cac5d5529", size = 523588, upload-time = "2025-09-08T23:24:04.541Z" }
wheels = [
    { url = "https://files.pythonhosted.org/packages/93/d7/516d984057745a6cd96575eea814fe1edd6646ee6efd552fb7b0921dec83/cffi-2.0.0-cp310-cp310-macosx_10_13_x86_64.whl", hash = "sha256:0cf2d91ecc3fcc0625c2c530fe004f82c110405f101548512cce44322fa8ac44", size = 184283, upload-time = "2025-09-08T23:22:08.01Z" },
    { url = "https://files.pythonhosted.org/packages/9e/84/ad6a0b408daa859246f57c03efd28e5dd1b33c21737c2db84cae8c237aa5/cffi-2.0.0-cp310-cp310-macosx_11_0_arm64.whl", hash = "sha256:f73b96c41e3b2adedc34a7356e64c8eb96e03a3782b535e043a986276ce12a49", size = 180504, upload-time = "2025-09-08T23:22:10.637Z" },
    { url = "https://files.pythonhosted.org/packages/50/bd/b1a6362b80628111e6653c961f987faa55262b4002fcec42308cad1db680/cffi-2.0.0-cp310-cp310-manylinux1_i686.manylinux2014_i686.manylinux_2_17_i686.manylinux_2_5_i686.whl", hash = "sha256:53f77cbe57044e88bbd5ed26ac1d0514d2acf0591dd6bb02a3ae37f76811b80c", size = 208811, upload-time = "2025-09-08T23:22:12.267Z" },
    { url = "https://files.pythonhosted.org/packages/4f/27/6933a8b2562d7bd1fb595074cf99cc81fc3789f6a6c05cdabb46284a3188/cffi-2.0.0-cp310-cp310-manylinux2014_aarch64.manylinux_2_17_aarch64.whl", hash = "sha256:3e837e369566884707ddaf85fc1744b47575005c0a229de3327f8f9a20f4efeb", size = 216402, upload-time = "2025-09-08T23:22:13.455Z" },
    { url = "https://files.pythonhosted.org/packages/05/eb/b86f2a2645b62adcfff53b0dd97e8dfafb5c8aa864bd0d9a2c2049a0d551/cffi-2.0.0-cp310-cp310-manylinux2014_ppc64le.manylinux_2_17_ppc64le.whl", hash = "sha256:5eda85d6d1879e692d546a078b44251cdd08dd1cfb98dfb77b670c97cee49ea0", size = 203217, upload-time = "2025-09-08T23:22:14.596Z" },
    { url = "https://files.pythonhosted.org/packages/9f/e0/6cbe77a53acf5acc7c08cc186c9928864bd7c005f9efd0d126884858a5fe/cffi-2.0.0-cp310-cp310-manylinux2014_s390x.manylinux_2_17_s390x.whl", hash = "sha256:9332088d75dc3241c702d852d4671613136d90fa6881da7d770a483fd05248b4", size = 203079, upload-time = "2025-09-08T23:22:15.769Z" },
    { url = "https://files.pythonhosted.org/packages/98/29/9b366e70e243eb3d14a5cb488dfd3a0b6b2f1fb001a203f653b93ccfac88/cffi-2.0.0-cp310-cp310-manylinux2014_x86_64.manylinux_2_17_x86_64.whl", hash = "sha256:fc7de24befaeae77ba923797c7c87834c73648a05a4bde34b3b7e5588973a453", size = 216475, upload-time = "2025-09-08T23:22:17.427Z" },
    { url = "https://files.pythonhosted.org/packages/21/7a/13b24e70d2f90a322f2900c5d8e1f14fa7e2a6b3332b7309ba7b2ba51a5a/cffi-2.0.0-cp310-cp310-musllinux_1_2_aarch64.whl", hash = "sha256:cf364028c016c03078a23b503f02058f1814320a56ad535686f90565636a9495", size = 218829, upload-time = "2025-09-08T23:22:19.069Z" },
    { url = "https://files.pythonhosted.org/packages/60/99/c9dc110974c59cc981b1f5b66e1d8af8af764e00f0293266824d9c4254bc/cffi-2.0.0-cp310-cp310-musllinux_1_2_i686.whl", hash = "sha256:e11e82b744887154b182fd3e7e8512418446501191994dbf9c9fc1f32cc8efd5", size = 211211, upload-time = "2025-09-08T23:22:20.588Z" },
    { url = "https://files.pythonhosted.org/packages/49/72/ff2d12dbf21aca1b32a40ed792ee6b40f6dc3a9cf1644bd7ef6e95e0ac5e/cffi-2.0.0-cp310-cp310-musllinux_1_2_x86_64.whl", hash = "sha256:8ea985900c5c95ce9db1745f7933eeef5d314f0565b27625d9a10ec9881e1bfb", size = 218036, upload-time = "2025-09-08T23:22:22.143Z" },
    { url = "https://files.pythonhosted.org/packages/e2/cc/027d7fb82e58c48ea717149b03bcadcbdc293553edb283af792bd4bcbb3f/cffi-2.0.0-cp310-cp310-win32.whl", hash = "sha256:1f72fb8906754ac8a2cc3f9f5aaa298070652a0ffae577e0ea9bd480dc3c931a", size = 172184, upload-time = "2025-09-08T23:22:23.328Z" },
    { url = "https://files.pythonhosted.org/packages/33/fa/072dd15ae27fbb4e06b437eb6e944e75b068deb09e2a2826039e49ee2045/cffi-2.0.0-cp310-cp310-win_amd64.whl", hash = "sha256:b18a3ed7d5b3bd8d9ef7a8cb226502c6bf8308df1525e1cc676c3680e7176739", size = 182790, upload-time = "2025-09-08T23:22:24.752Z" },
    { url = "https://files.pythonhosted.org/packages/12/4a/3dfd5f7850cbf0d06dc84ba9aa00db766b52ca38d8b86e3a38314d52498c/cffi-2.0.0-cp311-cp311-macosx_10_13_x86_64.whl", hash = "sha256:b4c854ef3adc177950a8dfc81a86f5115d2abd545751a304c5bcf2c2c7283cfe", size = 184344, upload-time = "2025-09-08T23:22:26.456Z" },
    { url = "https://files.pythonhosted.org/packages/4f/8b/f0e4c441227ba756aafbe78f117485b25bb26b1c059d01f137fa6d14896b/cffi-2.0.0-cp311-cp311-macosx_11_0_arm64.whl", hash = "sha256:2de9a304e27f7596cd03d16f1b7c72219bd944e99cc52b84d0145aefb07cbd3c", size = 180560, upload-time = "2025-09-08T23:22:28.197Z" },
    { url = "https://files.pythonhosted.org/packages/b1/b7/1200d354378ef52ec227395d95c2576330fd22a869f7a70e88e1447eb234/cffi-2.0.0-cp311-cp311-manylinux1_i686.manylinux2014_i686.manylinux_2_17_i686.manylinux_2_5_i686.whl", hash = "sha256:baf5215e0ab74c16e2dd324e8ec067ef59e41125d3eade2b863d294fd5035c92", size = 209613, upload-time = "2025-09-08T23:22:29.475Z" },
    { url = "https://files.pythonhosted.org/packages/b8/56/6033f5e86e8cc9bb629f0077ba71679508bdf54a9a5e112a3c0b91870332/cffi-2.0.0-cp311-cp311-manylinux2014_aarch64.manylinux_2_17_aarch64.whl", hash = "sha256:730cacb21e1bdff3ce90babf007d0a0917cc3e6492f336c2f0134101e0944f93", size = 216476, upload-time = "2025-09-08T23:22:31.063Z" },
    { url = "https://files.pythonhosted.org/packages/dc/7f/55fecd70f7ece178db2f26128ec41430d8720f2d12ca97bf8f0a628207d5/cffi-2.0.0-cp311-cp311-manylinux2014_ppc64le.manylinux_2_17_ppc64le.whl", hash = "sha256:6824f87845e3396029f3820c206e459ccc91760e8fa24422f8b0c3d1731cbec5", size = 203374, upload-time = "2025-09-08T23:22:32.507Z" },
    { url = "https://files.pythonhosted.org/packages/84/ef/a7b77c8bdc0f77adc3b46888f1ad54be8f3b7821697a7b89126e829e676a/cffi-2.0.0-cp311-cp311-manylinux2014_s390x.manylinux_2_17_s390x.whl", hash = "sha256:9de40a7b0323d889cf8d23d1ef214f565ab154443c42737dfe52ff82cf857664", size = 202597, upload-time = "2025-09-08T23:22:34.132Z" },
    { url = "https://files.pythonhosted.org/packages/d7/91/500d892b2bf36529a75b77958edfcd5ad8e2ce4064ce2ecfeab2125d72d1/cffi-2.0.0-cp311-cp311-manylinux2014_x86_64.manylinux_2_17_x86_64.whl", hash = "sha256:8941aaadaf67246224cee8c3803777eed332a19d909b47e29c9842ef1e79ac26", size = 215574, upload-time = "2025-09-08T23:22:35.443Z" },
    { url = "https://files.pythonhosted.org/packages/44/64/58f6255b62b101093d5df22dcb752596066c7e89dd725e0afaed242a61be/cffi-2.0.0-cp311-cp311-musllinux_1_2_aarch64.whl", hash = "sha256:a05d0c237b3349096d3981b727493e22147f934b20f6f125a3eba8f994bec4a9", size = 218971, upload-time = "2025-09-08T23:22:36.805Z" },
    { url = "https://files.pythonhosted.org/packages/ab/49/fa72cebe2fd8a55fbe14956f9970fe8eb1ac59e5df042f603ef7c8ba0adc/cffi-2.0.0-cp311-cp311-musllinux_1_2_i686.whl", hash = "sha256:94698a9c5f91f9d138526b48fe26a199609544591f859c870d477351dc7b2414", size = 211972, upload-time = "2025-09-08T23:22:38.436Z" },
    { url = "https://files.pythonhosted.org/packages/0b/28/dd0967a76aab36731b6ebfe64dec4e981aff7e0608f60c2d46b46982607d/cffi-2.0.0-cp311-cp311-musllinux_1_2_x86_64.whl", hash = "sha256:5fed36fccc0612a53f1d4d9a816b50a36702c28a2aa880cb8a122b3466638743", size = 217078, upload-time = "2025-09-08T23:22:39.776Z" },
    { url = "https://files.pythonhosted.org/packages/2b/c0/015b25184413d7ab0a410775fdb4a50fca20f5589b5dab1dbbfa3baad8ce/cffi-2.0.0-cp311-cp311-win32.whl", hash = "sha256:c649e3a33450ec82378822b3dad03cc228b8f5963c0c12fc3b1e0ab940f768a5", size = 172076, upload-time = "2025-09-08T23:22:40.95Z" },
    { url = "https://files.pythonhosted.org/packages/ae/8f/dc5531155e7070361eb1b7e4c1a9d896d0cb21c49f807a6c03fd63fc877e/cffi-2.0.0-cp311-cp311-win_amd64.whl", hash = "sha256:66f011380d0e49ed280c789fbd08ff0d40968ee7b665575489afa95c98196ab5", size = 182820, upload-time = "2025-09-08T23:22:42.463Z" },
    { url = "https://files.pythonhosted.org/packages/95/5c/1b493356429f9aecfd56bc171285a4c4ac8697f76e9bbbbb105e537853a1/cffi-2.0.0-cp311-cp311-win_arm64.whl", hash = "sha256:c6638687455baf640e37344fe26d37c404db8b80d037c3d29f58fe8d1c3b194d", size = 177635, upload-time = "2025-09-08T23:22:43.623Z" },
    { url = "https://files.pythonhosted.org/packages/ea/47/4f61023ea636104d4f16ab488e268b93008c3d0bb76893b1b31db1f96802/cffi-2.0.0-cp312-cp312-macosx_10_13_x86_64.whl", hash = "sha256:6d02d6655b0e54f54c4ef0b94eb6be0607b70853c45ce98bd278dc7de718be5d", size = 185271, upload-time = "2025-09-08T23:22:44.795Z" },
    { url = "https://files.pythonhosted.org/packages/df/a2/781b623f57358e360d62cdd7a8c681f074a71d445418a776eef0aadb4ab4/cffi-2.0.0-cp312-cp312-macosx_11_0_arm64.whl", hash = "sha256:8eca2a813c1cb7ad4fb74d368c2ffbbb4789d377ee5bb8df98373c2cc0dee76c", size = 181048, upload-time = "2025-09-08T23:22:45.938Z" },
    { url = "https://files.pythonhosted.org/packages/ff/df/a4f0fbd47331ceeba3d37c2e51e9dfc9722498becbeec2bd8bc856c9538a/cffi-2.0.0-cp312-cp312-manylinux1_i686.manylinux2014_i686.manylinux_2_17_i686.manylinux_2_5_i686.whl", hash = "sha256:21d1152871b019407d8ac3985f6775c079416c282e431a4da6afe7aefd2bccbe", size = 212529, upload-time = "2025-09-08T23:22:47.349Z" },
    { url = "https://files.pythonhosted.org/packages/d5/72/12b5f8d3865bf0f87cf1404d8c374e7487dcf097a1c91c436e72e6badd83/cffi-2.0.0-cp312-cp312-manylinux2014_aarch64.manylinux_2_17_aarch64.whl", hash = "sha256:b21e08af67b8a103c71a250401c78d5e0893beff75e28c53c98f4de42f774062", size = 220097, upload-time = "2025-09-08T23:22:48.677Z" },
    { url = "https://files.pythonhosted.org/packages/c2/95/7a135d52a50dfa7c882ab0ac17e8dc11cec9d55d2c18dda414c051c5e69e/cffi-2.0.0-cp312-cp312-manylinux2014_ppc64le.manylinux_2_17_ppc64le.whl", hash = "sha256:1e3a615586f05fc4065a8b22b8152f0c1b00cdbc60596d187c2a74f9e3036e4e", size = 207983, upload-time = "2025-09-08T23:22:50.06Z" },
    { url = "https://files.pythonhosted.org/packages/3a/c8/15cb9ada8895957ea171c62dc78ff3e99159ee7adb13c0123c001a2546c1/cffi-2.0.0-cp312-cp312-manylinux2014_s390x.manylinux_2_17_s390x.whl", hash = "sha256:81afed14892743bbe14dacb9e36d9e0e504cd204e0b165062c488942b9718037", size = 206519, upload-time = "2025-09-08T23:22:51.364Z" },
    { url = "https://files.pythonhosted.org/packages/78/2d/7fa73dfa841b5ac06c7b8855cfc18622132e365f5b81d02230333ff26e9e/cffi-2.0.0-cp312-cp312-manylinux2014_x86_64.manylinux_2_17_x86_64.whl", hash = "sha256:3e17ed538242334bf70832644a32a7aae3d83b57567f9fd60a26257e992b79ba", size = 219572, upload-time = "2025-09-08T23:22:52.902Z" },
    { url = "https://files.pythonhosted.org/packages/07/e0/267e57e387b4ca276b90f0434ff88b2c2241ad72b16d31836adddfd6031b/cffi-2.0.0-cp312-cp312-musllinux_1_2_aarch64.whl", hash = "sha256:3925dd22fa2b7699ed2617149842d2e6adde22b262fcbfada50e3d195e4b3a94", size = 222963, upload-time = "2025-09-08T23:22:54.518Z" },
    { url = "https://files.pythonhosted.org/packages/b6/75/1f2747525e06f53efbd878f4d03bac5b859cbc11c633d0fb81432d98a795/cffi-2.0.0-cp312-cp312-musllinux_1_2_x86_64.whl", hash = "sha256:2c8f814d84194c9ea681642fd164267891702542f028a15fc97d4674b6206187", size = 221361, upload-time = "2025-09-08T23:22:55.867Z" },
    { url = "https://files.pythonhosted.org/packages/7b/2b/2b6435f76bfeb6bbf055596976da087377ede68df465419d192acf00c437/cffi-2.0.0-cp312-cp312-win32.whl", hash = "sha256:da902562c3e9c550df360bfa53c035b2f241fed6d9aef119048073680ace4a18", size = 172932, upload-time = "2025-09-08T23:22:57.188Z" },
    { url = "https://files.pythonhosted.org/packages/f8/ed/13bd4418627013bec4ed6e54283b1959cf6db888048c7cf4b4c3b5b36002/cffi-2.0.0-cp312-cp312-win_amd64.whl", hash = "sha256:da68248800ad6320861f129cd9c1bf96ca849a2771a59e0344e88681905916f5", size = 183557, upload-time = "2025-09-08T23:22:58.351Z" },
    { url = "https://files.pythonhosted.org/packages/95/31/9f7f93ad2f8eff1dbc1c3656d7ca5bfd8fb52c9d786b4dcf19b2d02217fa/cffi-2.0.0-cp312-cp312-win_arm64.whl", hash = "sha256:4671d9dd5ec934cb9a73e7ee9676f9362aba54f7f34910956b84d727b0d73fb6", size = 177762, upload-time = "2025-09-08T23:22:59.668Z" },
    { url = "https://files.pythonhosted.org/packages/4b/8d/a0a47a0c9e413a658623d014e91e74a50cdd2c423f7ccfd44086ef767f90/cffi-2.0.0-cp313-cp313-macosx_10_13_x86_64.whl", hash = "sha256:00bdf7acc5f795150faa6957054fbbca2439db2f775ce831222b66f192f03beb", size = 185230, upload-time = "2025-09-08T23:23:00.879Z" },
    { url = "https://files.pythonhosted.org/packages/4a/d2/a6c0296814556c68ee32009d9c2ad4f85f2707cdecfd7727951ec228005d/cffi-2.0.0-cp313-cp313-macosx_11_0_arm64.whl", hash = "sha256:45d5e886156860dc35862657e1494b9bae8dfa63bf56796f2fb56e1679fc0bca", size = 181043, upload-time = "2025-09-08T23:23:02.231Z" },
    { url = "https://files.pythonhosted.org/packages/b0/1e/d22cc63332bd59b06481ceaac49d6c507598642e2230f201649058a7e704/cffi-2.0.0-cp313-cp313-manylinux1_i686.manylinux2014_i686.manylinux_2_17_i686.manylinux_2_5_i686.whl", hash = "sha256:07b271772c100085dd28b74fa0cd81c8fb1a3ba18b21e03d7c27f3436a10606b", size = 212446, upload-time = "2025-09-08T23:23:03.472Z" },
    { url = "https://files.pythonhosted.org/packages/a9/f5/a2c23eb03b61a0b8747f211eb716446c826ad66818ddc7810cc2cc19b3f2/cffi-2.0.0-cp313-cp313-manylinux2014_aarch64.manylinux_2_17_aarch64.whl", hash = "sha256:d48a880098c96020b02d5a1f7d9251308510ce8858940e6fa99ece33f610838b", size = 220101, upload-time = "2025-09-08T23:23:04.792Z" },
    { url = "https://files.pythonhosted.org/packages/f2/7f/e6647792fc5850d634695bc0e6ab4111ae88e89981d35ac269956605feba/cffi-2.0.0-cp313-cp313-manylinux2014_ppc64le.manylinux_2_17_ppc64le.whl", hash = "sha256:f93fd8e5c8c0a4aa1f424d6173f14a892044054871c771f8566e4008eaa359d2", size = 207948, upload-time = "2025-09-08T23:23:06.127Z" },
    { url = "https://files.pythonhosted.org/packages/cb/1e/a5a1bd6f1fb30f22573f76533de12a00bf274abcdc55c8edab639078abb6/cffi-2.0.0-cp313-cp313-manylinux2014_s390x.manylinux_2_17_s390x.whl", hash = "sha256:dd4f05f54a52fb558f1ba9f528228066954fee3ebe629fc1660d874d040ae5a3", size = 206422, upload-time = "2025-09-08T23:23:07.753Z" },
    { url = "https://files.pythonhosted.org/packages/98/df/0a1755e750013a2081e863e7cd37e0cdd02664372c754e5560099eb7aa44/cffi-2.0.0-cp313-cp313-manylinux2014_x86_64.manylinux_2_17_x86_64.whl", hash = "sha256:c8d3b5532fc71b7a77c09192b4a5a200ea992702734a2e9279a37f2478236f26", size = 219499, upload-time = "2025-09-08T23:23:09.648Z" },
    { url = "https://files.pythonhosted.org/packages/50/e1/a969e687fcf9ea58e6e2a928ad5e2dd88cc12f6f0ab477e9971f2309b57c/cffi-2.0.0-cp313-cp313-musllinux_1_2_aarch64.whl", hash = "sha256:d9b29c1f0ae438d5ee9acb31cadee00a58c46cc9c0b2f9038c6b0b3470877a8c", size = 222928, upload-time = "2025-09-08T23:23:10.928Z" },
    { url = "https://files.pythonhosted.org/packages/36/54/0362578dd2c9e557a28ac77698ed67323ed5b9775ca9d3fe73fe191bb5d8/cffi-2.0.0-cp313-cp313-musllinux_1_2_x86_64.whl", hash = "sha256:6d50360be4546678fc1b79ffe7a66265e28667840010348dd69a314145807a1b", size = 221302, upload-time = "2025-09-08T23:23:12.42Z" },
    { url = "https://files.pythonhosted.org/packages/eb/6d/bf9bda840d5f1dfdbf0feca87fbdb64a918a69bca42cfa0ba7b137c48cb8/cffi-2.0.0-cp313-cp313-win32.whl", hash = "sha256:74a03b9698e198d47562765773b4a8309919089150a0bb17d829ad7b44b60d27", size = 172909, upload-time = "2025-09-08T23:23:14.32Z" },
    { url = "https://files.pythonhosted.org/packages/37/18/6519e1ee6f5a1e579e04b9ddb6f1676c17368a7aba48299c3759bbc3c8b3/cffi-2.0.0-cp313-cp313-win_amd64.whl", hash = "sha256:19f705ada2530c1167abacb171925dd886168931e0a7b78f5bffcae5c6b5be75", size = 183402, upload-time = "2025-09-08T23:23:15.535Z" },
    { url = "https://files.pythonhosted.org/packages/cb/0e/02ceeec9a7d6ee63bb596121c2c8e9b3a9e150936f4fbef6ca1943e6137c/cffi-2.0.0-cp313-cp313-win_arm64.whl", hash = "sha256:256f80b80ca3853f90c21b23ee78cd008713787b1b1e93eae9f3d6a7134abd91", size = 177780, upload-time = "2025-09-08T23:23:16.761Z" },
    { url = "https://files.pythonhosted.org/packages/92/c4/3ce07396253a83250ee98564f8d7e9789fab8e58858f35d07a9a2c78de9f/cffi-2.0.0-cp314-cp314-macosx_10_13_x86_64.whl", hash = "sha256:fc33c5141b55ed366cfaad382df24fe7dcbc686de5be719b207bb248e3053dc5", size = 185320, upload-time = "2025-09-08T23:23:18.087Z" },
    { url = "https://files.pythonhosted.org/packages/59/dd/27e9fa567a23931c838c6b02d0764611c62290062a6d4e8ff7863daf9730/cffi-2.0.0-cp314-cp314-macosx_11_0_arm64.whl", hash = "sha256:c654de545946e0db659b3400168c9ad31b5d29593291482c43e3564effbcee13", size = 181487, upload-time = "2025-09-08T23:23:19.622Z" },
    { url = "https://files.pythonhosted.org/packages/d6/43/0e822876f87ea8a4ef95442c3d766a06a51fc5298823f884ef87aaad168c/cffi-2.0.0-cp314-cp314-manylinux2014_aarch64.manylinux_2_17_aarch64.whl", hash = "sha256:24b6f81f1983e6df8db3adc38562c83f7d4a0c36162885ec7f7b77c7dcbec97b", size = 220049, upload-time = "2025-09-08T23:23:20.853Z" },
    { url = "https://files.pythonhosted.org/packages/b4/89/76799151d9c2d2d1ead63c2429da9ea9d7aac304603de0c6e8764e6e8e70/cffi-2.0.0-cp314-cp314-manylinux2014_ppc64le.manylinux_2_17_ppc64le.whl", hash = "sha256:12873ca6cb9b0f0d3a0da705d6086fe911591737a59f28b7936bdfed27c0d47c", size = 207793, upload-time = "2025-09-08T23:23:22.08Z" },
    { url = "https://files.pythonhosted.org/packages/bb/dd/3465b14bb9e24ee24cb88c9e3730f6de63111fffe513492bf8c808a3547e/cffi-2.0.0-cp314-cp314-manylinux2014_s390x.manylinux_2_17_s390x.whl", hash = "sha256:d9b97165e8aed9272a6bb17c01e3cc5871a594a446ebedc996e2397a1c1ea8ef", size = 206300, upload-time = "2025-09-08T23:23:23.314Z" },
    { url = "https://files.pythonhosted.org/packages/47/d9/d83e293854571c877a92da46fdec39158f8d7e68da75bf73581225d28e90/cffi-2.0.0-cp314-cp314-manylinux2014_x86_64.manylinux_2_17_x86_64.whl", hash = "sha256:afb8db5439b81cf9c9d0c80404b60c3cc9c3add93e114dcae767f1477cb53775", size = 219244, upload-time = "2025-09-08T23:23:24.541Z" },
    { url = "https://files.pythonhosted.org/packages/2b/0f/1f177e3683aead2bb00f7679a16451d302c436b5cbf2505f0ea8146ef59e/cffi-2.0.0-cp314-cp314-musllinux_1_2_aarch64.whl", hash = "sha256:737fe7d37e1a1bffe70bd5754ea763a62a066dc5913ca57e957824b72a85e205", size = 222828, upload-time = "2025-09-08T23:23:26.143Z" },
    { url = "https://files.pythonhosted.org/packages/c6/0f/cafacebd4b040e3119dcb32fed8bdef8dfe94da653155f9d0b9dc660166e/cffi-2.0.0-cp314-cp314-musllinux_1_2_x86_64.whl", hash = "sha256:38100abb9d1b1435bc4cc340bb4489635dc2f0da7456590877030c9b3d40b0c1", size = 220926, upload-time = "2025-09-08T23:23:27.873Z" },
    { url = "https://files.pythonhosted.org/packages/3e/aa/df335faa45b395396fcbc03de2dfcab242cd61a9900e914fe682a59170b1/cffi-2.0.0-cp314-cp314-win32.whl", hash = "sha256:087067fa8953339c723661eda6b54bc98c5625757ea62e95eb4898ad5e776e9f", size = 175328, upload-time = "2025-09-08T23:23:44.61Z" },
    { url = "https://files.pythonhosted.org/packages/bb/92/882c2d30831744296ce713f0feb4c1cd30f346ef747b530b5318715cc367/cffi-2.0.0-cp314-cp314-win_amd64.whl", hash = "sha256:203a48d1fb583fc7d78a4c6655692963b860a417c0528492a6bc21f1aaefab25", size = 185650, upload-time = "2025-09-08T23:23:45.848Z" },
    { url = "https://files.pythonhosted.org/packages/9f/2c/98ece204b9d35a7366b5b2c6539c350313ca13932143e79dc133ba757104/cffi-2.0.0-cp314-cp314-win_arm64.whl", hash = "sha256:dbd5c7a25a7cb98f5ca55d258b103a2054f859a46ae11aaf23134f9cc0d356ad", size = 180687, upload-time = "2025-09-08T23:23:47.105Z" },
    { url = "https://files.pythonhosted.org/packages/3e/61/c768e4d548bfa607abcda77423448df8c471f25dbe64fb2ef6d555eae006/cffi-2.0.0-cp314-cp314t-macosx_10_13_x86_64.whl", hash = "sha256:9a67fc9e8eb39039280526379fb3a70023d77caec1852002b4da7e8b270c4dd9", size = 188773, upload-time = "2025-09-08T23:23:29.347Z" },
    { url = "https://files.pythonhosted.org/packages/2c/ea/5f76bce7cf6fcd0ab1a1058b5af899bfbef198bea4d5686da88471ea0336/cffi-2.0.0-cp314-cp314t-macosx_11_0_arm64.whl", hash = "sha256:7a66c7204d8869299919db4d5069a82f1561581af12b11b3c9f48c584eb8743d", size = 185013, upload-time = "2025-09-08T23:23:30.63Z" },
    { url = "https://files.pythonhosted.org/packages/be/b4/c56878d0d1755cf9caa54ba71e5d049479c52f9e4afc230f06822162ab2f/cffi-2.0.0-cp314-cp314t-manylinux2014_aarch64.manylinux_2_17_aarch64.whl", hash = "sha256:7cc09976e8b56f8cebd752f7113ad07752461f48a58cbba644139015ac24954c", size = 221593, upload-time = "2025-09-08T23:23:31.91Z" },
    { url = "https://files.pythonhosted.org/packages/e0/0d/eb704606dfe8033e7128df5e90fee946bbcb64a04fcdaa97321309004000/cffi-2.0.0-cp314-cp314t-manylinux2014_ppc64le.manylinux_2_17_ppc64le.whl", hash = "sha256:92b68146a71df78564e4ef48af17551a5ddd142e5190cdf2c5624d0c3ff5b2e8", size = 209354, upload-time = "2025-09-08T23:23:33.214Z" },
    { url = "https://files.pythonhosted.org/packages/d8/19/3c435d727b368ca475fb8742ab97c9cb13a0de600ce86f62eab7fa3eea60/cffi-2.0.0-cp314-cp314t-manylinux2014_s390x.manylinux_2_17_s390x.whl", hash = "sha256:b1e74d11748e7e98e2f426ab176d4ed720a64412b6a15054378afdb71e0f37dc", size = 208480, upload-time = "2025-09-08T23:23:34.495Z" },
    { url = "https://files.pythonhosted.org/packages/d0/44/681604464ed9541673e486521497406fadcc15b5217c3e326b061696899a/cffi-2.0.0-cp314-cp314t-manylinux2014_x86_64.manylinux_2_17_x86_64.whl", hash = "sha256:28a3a209b96630bca57cce802da70c266eb08c6e97e5afd61a75611ee6c64592", size = 221584, upload-time = "2025-09-08T23:23:36.096Z" },
    { url = "https://files.pythonhosted.org/packages/25/8e/342a504ff018a2825d395d44d63a767dd8ebc927ebda557fecdaca3ac33a/cffi-2.0.0-cp314-cp314t-musllinux_1_2_aarch64.whl", hash = "sha256:7553fb2090d71822f02c629afe6042c299edf91ba1bf94951165613553984512", size = 224443, upload-time = "2025-09-08T23:23:37.328Z" },
    { url = "https://files.pythonhosted.org/packages/e1/5e/b666bacbbc60fbf415ba9988324a132c9a7a0448a9a8f125074671c0f2c3/cffi-2.0.0-cp314-cp314t-musllinux_1_2_x86_64.whl", hash = "sha256:6c6c373cfc5c83a975506110d17457138c8c63016b563cc9ed6e056a82f13ce4", size = 223437, upload-time = "2025-09-08T23:23:38.945Z" },
    { url = "https://files.pythonhosted.org/packages/a0/1d/ec1a60bd1a10daa292d3cd6bb0b359a81607154fb8165f3ec95fe003b85c/cffi-2.0.0-cp314-cp314t-win32.whl", hash = "sha256:1fc9ea04857caf665289b7a75923f2c6ed559b8298a1b8c49e59f7dd95c8481e", size = 180487, upload-time = "2025-09-08T23:23:40.423Z" },
    { url = "https://files.pythonhosted.org/packages/bf/41/4c1168c74fac325c0c8156f04b6749c8b6a8f405bbf91413ba088359f60d/cffi-2.0.0-cp314-cp314t-win_amd64.whl", hash = "sha256:d68b6cef7827e8641e8ef16f4494edda8b36104d79773a334beaa1e3521430f6", size = 191726, upload-time = "2025-09-08T23:23:41.742Z" },
    { url = "https://files.pythonhosted.org/packages/ae/3a/dbeec9d1ee0844c679f6bb5d6ad4e9f198b1224f4e7a32825f47f6192b0c/cffi-2.0.0-cp314-cp314t-win_arm64.whl", hash = "sha256:0a1527a803f0a659de1af2e1fd700213caba79377e27e4693648c2923da066f9", size = 184195, upload-time = "2025-09-08T23:23:43.004Z" },
    { url = "https://files.pythonhosted.org/packages/c0/cc/08ed5a43f2996a16b462f64a7055c6e962803534924b9b2f1371d8c00b7b/cffi-2.0.0-cp39-cp39-macosx_10_13_x86_64.whl", hash = "sha256:fe562eb1a64e67dd297ccc4f5addea2501664954f2692b69a76449ec7913ecbf", size = 184288, upload-time = "2025-09-08T23:23:48.404Z" },
    { url = "https://files.pythonhosted.org/packages/3d/de/38d9726324e127f727b4ecc376bc85e505bfe61ef130eaf3f290c6847dd4/cffi-2.0.0-cp39-cp39-macosx_11_0_arm64.whl", hash = "sha256:de8dad4425a6ca6e4e5e297b27b5c824ecc7581910bf9aee86cb6835e6812aa7", size = 180509, upload-time = "2025-09-08T23:23:49.73Z" },
    { url = "https://files.pythonhosted.org/packages/9b/13/c92e36358fbcc39cf0962e83223c9522154ee8630e1df7c0b3a39a8124e2/cffi-2.0.0-cp39-cp39-manylinux1_i686.manylinux2014_i686.manylinux_2_17_i686.manylinux_2_5_i686.whl", hash = "sha256:4647afc2f90d1ddd33441e5b0e85b16b12ddec4fca55f0d9671fef036ecca27c", size = 208813, upload-time = "2025-09-08T23:23:51.263Z" },
    { url = "https://files.pythonhosted.org/packages/15/12/a7a79bd0df4c3bff744b2d7e52cc1b68d5e7e427b384252c42366dc1ecbc/cffi-2.0.0-cp39-cp39-manylinux2014_aarch64.manylinux_2_17_aarch64.whl", hash = "sha256:3f4d46d8b35698056ec29bca21546e1551a205058ae1a181d871e278b0b28165", size = 216498, upload-time = "2025-09-08T23:23:52.494Z" },
    { url = "https://files.pythonhosted.org/packages/a3/ad/5c51c1c7600bdd7ed9a24a203ec255dccdd0ebf4527f7b922a0bde2fb6ed/cffi-2.0.0-cp39-cp39-manylinux2014_ppc64le.manylinux_2_17_ppc64le.whl", hash = "sha256:e6e73b9e02893c764e7e8d5bb5ce277f1a009cd5243f8228f75f842bf937c534", size = 203243, upload-time = "2025-09-08T23:23:53.836Z" },
    { url = "https://files.pythonhosted.org/packages/32/f2/81b63e288295928739d715d00952c8c6034cb6c6a516b17d37e0c8be5600/cffi-2.0.0-cp39-cp39-manylinux2014_s390x.manylinux_2_17_s390x.whl", hash = "sha256:cb527a79772e5ef98fb1d700678fe031e353e765d1ca2d409c92263c6d43e09f", size = 203158, upload-time = "2025-09-08T23:23:55.169Z" },
    { url = "https://files.pythonhosted.org/packages/1f/74/cc4096ce66f5939042ae094e2e96f53426a979864aa1f96a621ad128be27/cffi-2.0.0-cp39-cp39-manylinux2014_x86_64.manylinux_2_17_x86_64.whl", hash = "sha256:61d028e90346df14fedc3d1e5441df818d095f3b87d286825dfcbd6459b7ef63", size = 216548, upload-time = "2025-09-08T23:23:56.506Z" },
    { url = "https://files.pythonhosted.org/packages/e8/be/f6424d1dc46b1091ffcc8964fa7c0ab0cd36839dd2761b49c90481a6ba1b/cffi-2.0.0-cp39-cp39-musllinux_1_2_aarch64.whl", hash = "sha256:0f6084a0ea23d05d20c3edcda20c3d006f9b6f3fefeac38f59262e10cef47ee2", size = 218897, upload-time = "2025-09-08T23:23:57.825Z" },
    { url = "https://files.pythonhosted.org/packages/f7/e0/dda537c2309817edf60109e39265f24f24aa7f050767e22c98c53fe7f48b/cffi-2.0.0-cp39-cp39-musllinux_1_2_i686.whl", hash = "sha256:1cd13c99ce269b3ed80b417dcd591415d3372bcac067009b6e0f59c7d4015e65", size = 211249, upload-time = "2025-09-08T23:23:59.139Z" },
    { url = "https://files.pythonhosted.org/packages/2b/e7/7c769804eb75e4c4b35e658dba01de1640a351a9653c3d49ca89d16ccc91/cffi-2.0.0-cp39-cp39-musllinux_1_2_x86_64.whl", hash = "sha256:89472c9762729b5ae1ad974b777416bfda4ac5642423fa93bd57a09204712322", size = 218041, upload-time = "2025-09-08T23:24:00.496Z" },
    { url = "https://files.pythonhosted.org/packages/aa/d9/6218d78f920dcd7507fc16a766b5ef8f3b913cc7aa938e7fc80b9978d089/cffi-2.0.0-cp39-cp39-win32.whl", hash = "sha256:2081580ebb843f759b9f617314a24ed5738c51d2aee65d31e02f6f7a2b97707a", size = 172138, upload-time = "2025-09-08T23:24:01.7Z" },
    { url = "https://files.pythonhosted.org/packages/54/8f/a1e836f82d8e32a97e6b29cc8f641779181ac7363734f12df27db803ebda/cffi-2.0.0-cp39-cp39-win_amd64.whl", hash = "sha256:b882b3df248017dba09d6b16defe9b5c407fe32fc7c65a9c69798e6175601be9", size = 182794, upload-time = "2025-09-08T23:24:02.943Z" },
]

[[package]]
name = "cryptg"
version = "0.5.2"
source = { registry = "https://pypi.org/simple" }
sdist = { url = "https://files.pythonhosted.org/packages/41/e0/d1b637d638513191793971b985151b48ac656d5fcce79771f1e5541a7acf/cryptg-0.5.2.tar.gz", hash = "sha256:d1577e219d040695f34ae7c2636c9ed769fe623813009e27dbc735beed69bd16", size = 13347, upload-time = "2025-10-12T08:39:51.185Z" }
wheels = [
    { url = "https://files.pythonhosted.org/packages/bf/c6/7752a958e7fe98fab72f5c0859e95cb8d84c986f47558c23a20c64c74913/cryptg-0.5.2-cp310-cp310-macosx_11_0_arm64.whl", hash = "sha256:bbabe74b321415d5dbea58a30ef96ba53a196de57dd48c876266e0304ddaeb5d", size = 213724, upload-time = "2025-10-12T08:56:53.325Z" },
    { url = "https://files.pythonhosted.org/packages/4c/38/e40268c87f2ed6eb38983508d5657cdce18d8a35b173986c7e98cf33b750/cryptg-0.5.2-cp310-cp310-manylinux_2_28_aarch64.whl", hash = "sha256:928264608c721032d407541fb2e6119a6e5b5d87d8ee244de5a68263301fcad7", size = 243529, upload-time = "2025-10-12T08:56:54.897Z" },
    { url = "https://files.pythonhosted.org/packages/61/18/780ecaeb290c34122d0c98f5a0089ad2163e323689d0c0ca88d1c1789599/cryptg-0.5.2-cp310-cp310-manylinux_2_28_x86_64.whl", hash = "sha256:f05d56fe5aef63e3fcfc76714d41fb2b2378730551a455dd615d0fdd49fd9037", size = 255276, upload-time = "2025-10-12T08:56:55.965Z" },
    { url = "https://files.pythonhosted.org/packages/f1/4a/835d3e816a3187932bffc595c339ccea15c1063f7e8f27b65bbcaf2819d3/cryptg-0.5.2-cp310-cp310-win32.whl", hash = "sha256:c6806680964cad8723d110228fcf1cbdb40eebfbd19e91e4f55ebf48ce95a223", size = 112783, upload-time = "2025-10-12T08:56:57.281Z" },
    { url = "https://files.pythonhosted.org/packages/3a/20/eb3deb01237ba751b6c2c117c2ee4be0596ccd87d5dfbff4305b88df7783/cryptg-0.5.2-cp310-cp310-win_amd64.whl", hash = "sha256:195a9f5f1a834ad8ac9989dcf95563f37e0332d734c64b4150e99cdb71f0bb53", size = 113641, upload-time = "2025-10-12T08:56:58.435Z" },
    { url = "https://files.pythonhosted.org/packages/ea/88/050a378998d9f14b88955d5e3119b0d5822830e42376ff69023c12a4108e/cryptg-0.5.2-cp311-cp311-macosx_11_0_arm64.whl", hash = "sha256:40e6002f3dd522711b33fd8ace2424f295dd557251d255c6f0ab1cd7a6f8c662", size = 213527, upload-time = "2025-10-12T08:56:59.6Z" },
    { url = "https://files.pythonhosted.org/packages/b1/82/c977ae8906bed76b068e25ba70fecb7f8f79ba43be13a290a55ee527ee19/cryptg-0.5.2-cp311-cp311-manylinux_2_28_aarch64.whl", hash = "sha256:ef778055445d451b4467cda4252a23cb659666012b97c43cce25d08b55f8fb4a", size = 243025, upload-time = "2025-10-12T08:57:00.71Z" },
    { url = "https://files.pythonhosted.org/packages/21/4e/fdd0ca11105c02dc7879f6df6e7b0f7ce7e85a262938d3f9657d450ba102/cryptg-0.5.2-cp311-cp311-manylinux_2_28_x86_64.whl", hash = "sha256:682b19897ebef8a910fdfe5fc379689334fdc197cb17bb13763f27153c856cb2", size = 255120, upload-time = "2025-10-12T08:57:02.016Z" },
    { url = "https://files.pythonhosted.org/packages/02/04/f4834326b0aaff222a35f4b138fed51d5619627c2bd02c94a08f7ab6df21/cryptg-0.5.2-cp311-cp311-win32.whl", hash = "sha256:e83a0c9f141af8fe426c9967cec802ab01e207edb6aeb3fb8f0d94f9fbb76b92", size = 112529, upload-time = "2025-10-12T08:57:03.349Z" },
    { url = "https://files.pythonhosted.org/packages/22/de/edf6d5bcee436b5e3c764f25486c646fe47f5e18cdc0fad37bc6b4d96ab5/cryptg-0.5.2-cp311-cp311-win_amd64.whl", hash = "sha256:b677d8e3be717c740a05eaf042e92e6f3e0f07dd3383bc4b1878b71cf4048d84", size = 113574, upload-time = "2025-10-12T08:57:04.773Z" },
    { url = "https://files.pythonhosted.org/packages/81/ea/4752cbd74369a27662960d9476918e549590ad91b68e911fffd106695dc7/cryptg-0.5.2-cp312-cp312-macosx_11_0_arm64.whl", hash = "sha256:eb28fcde47e02421926dbb83dbb0793d21d783125b95bda68414e46c76b1c9e1", size = 211666, upload-time = "2025-10-12T08:57:05.671Z" },
    { url = "https://files.pythonhosted.org/packages/b1/ad/4873a1ecd602aed7618bcf2dce4099834c73423b4793bbe815b942ab67d2/cryptg-0.5.2-cp312-cp312-manylinux_2_28_aarch64.whl", hash = "sha256:5f51de5fa87cca9c3b2c019eae0ba7f4a27fd0ac23a6b52970e14ab6e590c11f", size = 243573, upload-time = "2025-10-12T08:57:07.062Z" },
    { url = "https://files.pythonhosted.org/packages/34/2e/50fda8d43646db4be92071979722600440f852e70eda67379a55b686a376/cryptg-0.5.2-cp312-cp312-manylinux_2_28_x86_64.whl", hash = "sha256:207c6c717c5e2d544f11523ce8c56982e40fbfc4b3a6eebf70e3e7b37c2be14e", size = 255038, upload-time = "2025-10-12T08:57:08.336Z" },
    { url = "https://files.pythonhosted.org/packages/1e/bf/e7fcb0887a8ec340b2f28a54dd2105b271e7574ae99eb1222bb8cb85cebc/cryptg-0.5.2-cp312-cp312-win32.whl", hash = "sha256:3c0c1edd348bbbebc5a6fd553cdeb861d85016c73dd5dfc368a0bee343a6fb25", size = 113108, upload-time = "2025-10-12T08:57:09.387Z" },
    { url = "https://files.pythonhosted.org/packages/02/a7/54c2a6f3559708a04023f31407628d6db3e2482b059b226dc3f4c41ffbe1/cryptg-0.5.2-cp312-cp312-win_amd64.whl", hash = "sha256:c9b6ae5d30c3c164ac44b6b212887ed7d56f55e2fb207c7f93332ef2624fd936", size = 113710, upload-time = "2025-10-12T08:57:10.284Z" },
    { url = "https://files.pythonhosted.org/packages/a3/94/194f349abbef5c8b9d4a940a24e0063e75341a4b649222d6f18c8e6be2e6/cryptg-0.5.2-cp313-cp313-macosx_11_0_arm64.whl", hash = "sha256:78256ecd112b16e2f2bd7b74bfce9b79068cb2304f3a7e847a2440908f780c36", size = 211720, upload-time = "2025-10-12T08:57:11.533Z" },
    { url = "https://files.pythonhosted.org/packages/4b/19/9fb12ec6f5f257c318a181f3127615c52ac03274a70a1078fd2ceb180742/cryptg-0.5.2-cp313-cp313-manylinux_2_28_aarch64.whl", hash = "sha256:62cc487da7f842362619a839cf13e27cc7f59b4870f3dcbb58c3dd71649322e9", size = 243713, upload-time = "2025-10-12T08:57:12.481Z" },
    { url = "https://files.pythonhosted.org/packages/aa/28/1d55ecf9b058dc9376758aa71df83715bc6fe84eb6cf85a0af1c50345016/cryptg-0.5.2-cp313-cp313-manylinux_2_28_x86_64.whl", hash = "sha256:1797c006ac9d4ddd08f141fc6718e16040eabca8defb6bdf7ded5946359aa375", size = 255031, upload-time = "2025-10-12T08:57:13.779Z" },
    { url = "https://files.pythonhosted.org/packages/3c/e9/57698ae2af522ac86d1af5b0788ceab07c92313201dea082eb1b6f6abb54/cryptg-0.5.2-cp313-cp313-win32.whl", hash = "sha256:8c0e9a58c8db6795e674130bbc0c055a0eff887075707e6b6285f6f52581442b", size = 113165, upload-time = "2025-10-12T08:57:14.683Z" },
    { url = "https://files.pythonhosted.org/packages/1c/3c/276e1034a93160a8908a61043b74fef028b8275f9b0cccb0353e48729e1d/cryptg-0.5.2-cp313-cp313-win_amd64.whl", hash = "sha256:5dc1e0c39a243710773b834dc8880182bba6a0ff8da4ba7cd2a53c67e70dfa4e", size = 114024, upload-time = "2025-10-12T08:57:15.545Z" },
    { url = "https://files.pythonhosted.org/packages/80/7e/b8d7d30484c48fbb7b8d6262052b7bb05fd40b6dd14e044af3624fe2d2f2/cryptg-0.5.2-cp314-cp314-macosx_11_0_arm64.whl", hash = "sha256:b57ca6c19dbd59eb2dd72d3ca289621b8f06db1073704dc9ac6fba2fbad7b782", size = 211427, upload-time = "2025-10-12T08:57:16.764Z" },
    { url = "https://files.pythonhosted.org/packages/86/e8/e30eee6f18d5a2f916f4c18d2625dc305df1d9ca08195fa629c46cba1b53/cryptg-0.5.2-cp314-cp314-manylinux_2_28_aarch64.whl", hash = "sha256:a4475a567bf728b85a5c0399f487ec1e683bfb4a5dad9c3f4e771be1caa712fb", size = 243269, upload-time = "2025-10-12T08:57:17.823Z" },
    { url = "https://files.pythonhosted.org/packages/97/6c/cb0332af4c790f8912abffe5559fc4ffbf71a4471310b8f979cb4eb6429d/cryptg-0.5.2-cp314-cp314-manylinux_2_28_x86_64.whl", hash = "sha256:bffb88636f2d00f8773bb6ae5d90e9963ce2e4dc49d4d108e813ed75ad2fb4c0", size = 254464, upload-time = "2025-10-12T08:57:19.164Z" },
    { url = "https://files.pythonhosted.org/packages/71/87/a95fc0c1d4f7ccb5c2069b7b54f72d1471042d7922008a0d50b99db84951/cryptg-0.5.2-cp314-cp314-win32.whl", hash = "sha256:721dfb2cd109a89e28d9bb3da892c56b16983cc59cf9b2268bacf94bd4d5abf3", size = 116303, upload-time = "2025-10-12T08:57:20.13Z" },
    { url = "https://files.pythonhosted.org/packages/71/83/0eb334c3fb563d74a061ee49a568f2cd392f4e0e83c35b67d8fd3111d1ef/cryptg-0.5.2-cp314-cp314-win_amd64.whl", hash = "sha256:9269ad512124dd4a41824ab5dcc0a8e6697f8aa8f5fcd71fb34f8a4eebd5ec67", size = 116433, upload-time = "2025-10-12T08:57:20.966Z" },
    { url = "https://files.pythonhosted.org/packages/ff/f6/d49eecfbf76150fadfea6b778f396b22b3d779262697cdd94ade7701943a/cryptg-0.5.2-cp314-cp314t-macosx_11_0_arm64.whl", hash = "sha256:cc0e519e31b61633305ffd34803da3ea5c3414221a838ae85b487bcdee71a388", size = 211163, upload-time = "2025-10-12T08:57:21.838Z" },
    { url = "https://files.pythonhosted.org/packages/1c/ae/251f130b1bd2a54b2345b24a72ec6b69b3798c6bc55e880292f83db78928/cryptg-0.5.2-cp314-cp314t-manylinux_2_28_aarch64.whl", hash = "sha256:b67ce4d22532454aceac6c5afc30ba2cefb4b95fcfe74eea9affdb697fe59cc1", size = 243212, upload-time = "2025-10-12T08:57:22.814Z" },
    { url = "https://files.pythonhosted.org/packages/a5/1f/8bdda38d198cb8d459909599702361eb49db95c1a182be1b52b08db569cb/cryptg-0.5.2-cp314-cp314t-manylinux_2_28_x86_64.whl", hash = "sha256:4e2273d41eb8d3be60e190f0ae30c1492db41b6a49d4d3e769f9ba24da4402f5", size = 254612, upload-time = "2025-10-12T08:57:23.792Z" },
    { url = "https://files.pythonhosted.org/packages/8b/dd/70a10daab5d276a5f1fe5fe500446cff247e2082b971ae07d240a418d1a8/cryptg-0.5.2-cp314-cp314t-win32.whl", hash = "sha256:427ee363344a71882a3ba853c179b1d7d1ed0991e4fa8cf09e6f7418eda86237", size = 115715, upload-time = "2025-10-12T08:57:24.869Z" },
    { url = "https://files.pythonhosted.org/packages/41/48/f691dc55e4001482120886a84f6db0161c7b1d9e96343203f93d5ec530ca/cryptg-0.5.2-cp314-cp314t-win_amd64.whl", hash = "sha256:ce37d3634b56f5cacc8419f1f907589fee89bd8e2a37aa208a2f0eed32773da3", size = 116271, upload-time = "2025-10-12T08:57:26.048Z" },
    { url = "https://files.pythonhosted.org/packages/00/65/11fa8765d414e74dcb63c672f05bf0b9e929dbe1c72d593ffa9f0a8cdc88/cryptg-0.5.2-cp39-cp39-macosx_11_0_arm64.whl", hash = "sha256:b5cfc6254ee80a1f97d73194c34d585762cb88cf4158ffc95833aa574b2db1c9", size = 213738, upload-time = "2025-10-12T08:57:32.765Z" },
    { url = "https://files.pythonhosted.org/packages/e3/36/d4eba49f2c1cb44aafcedfe52e59559ca2eebfd386bee96658a068f15b4c/cryptg-0.5.2-cp39-cp39-manylinux_2_28_aarch64.whl", hash = "sha256:752169e5c8783183fef0aada6c1c594786451f18d692f4f5cc52254cc19e6602", size = 243472, upload-time = "2025-10-12T08:57:33.766Z" },
    { url = "https://files.pythonhosted.org/packages/2f/28/bd92eb8e8a860dcd9a16e2af80f650273edccb10240c912eb24c1cad44c5/cryptg-0.5.2-cp39-cp39-manylinux_2_28_x86_64.whl", hash = "sha256:ef429dc5197a7dce91ffa85f56194e847a758039d5ac96298bd5948399b50922", size = 255437, upload-time = "2025-10-12T08:57:35.168Z" },
    { url = "https://files.pythonhosted.org/packages/4a/87/e4e52d29220d4e71bb33c4c085b87bbc2c928971e4d21377256c7a1a522e/cryptg-0.5.2-cp39-cp39-win32.whl", hash = "sha256:12282521227d90c356a5caff66fc496ddf0725083553af6c0669b80a49de3277", size = 112819, upload-time = "2025-10-12T08:57:36.75Z" },
    { url = "https://files.pythonhosted.org/packages/ca/9f/dfd521da760754a41cfb13b6ad1275dfb68fc0366510fa8525deda76a68c/cryptg-0.5.2-cp39-cp39-win_amd64.whl", hash = "sha256:16e5193894302a65719699511b6a30d4e2b6b31afb9c72f91924c80b72d27725", size = 113908, upload-time = "2025-10-12T08:57:37.756Z" },
    { url = "https://files.pythonhosted.org/packages/bb/3f/1e3881853448cd32c5f94987603cfaac270713d1d749eea1a78d6eece4c1/cryptg-0.5.2-pp310-pypy310_pp73-macosx_11_0_arm64.whl", hash = "sha256:fdbeea1fb061b5a7bc273f6c6ed40cd7b7a05600305d4a8f7002c29b2555c95c", size = 215198, upload-time = "2025-10-12T08:57:39.044Z" },
    { url = "https://files.pythonhosted.org/packages/59/03/5d5d64a3f74595d8258b52ac934041a1dc24a046c9e9d7d8dff3b3938601/cryptg-0.5.2-pp310-pypy310_pp73-manylinux_2_28_aarch64.whl", hash = "sha256:08b15f841691fc71735aeace24107c0975c3a0e8806e65762492c961013d6e5d", size = 244530, upload-time = "2025-10-12T08:57:40.224Z" },
    { url = "https://files.pythonhosted.org/packages/94/16/f06e91ebd2023271f8fa272ec0e80d32085640b071cc4107a70feb51344e/cryptg-0.5.2-pp310-pypy310_pp73-manylinux_2_28_x86_64.whl", hash = "sha256:ee0d1c5371c34f31ec1bf0fba3c86257b5f19cf8e1411138ebc771e21509bd6a", size = 255904, upload-time = "2025-10-12T08:57:41.272Z" },
    { url = "https://files.pythonhosted.org/packages/44/41/133bbb63e58669f60349429782c67f309520a01f373326c87adc981a52c5/cryptg-0.5.2-pp310-pypy310_pp73-win_amd64.whl", hash = "sha256:11d3b512db21905d8b26bc1493ee45bbc73e3dd285cbb412539c05e256cd46aa", size = 114494, upload-time = "2025-10-12T08:57:42.266Z" },
    { url = "https://files.pythonhosted.org/packages/2e/64/0526cc46968630cd2e4f6637c83431a47296bb2c2d80cda0fcf779b365d5/cryptg-0.5.2-pp311-pypy311_pp73-macosx_11_0_arm64.whl", hash = "sha256:7da6a02027684c1c56d8e3a13a2341ec2fc67792036ed356dcc54bd08fdee485", size = 214875, upload-time = "2025-10-12T08:57:43.152Z" },
    { url = "https://files.pythonhosted.org/packages/58/e9/62042808e99bbb09896c57e047a317851595ac0c45d79ceed8a98254ac72/cryptg-0.5.2-pp311-pypy311_pp73-manylinux_2_28_aarch64.whl", hash = "sha256:973e67117296bf0ad4dc21607fd699d9da3b95d66f6f39d981b522523e778f3f", size = 244198, upload-time = "2025-10-12T08:57:44.139Z" },
    { url = "https://files.pythonhosted.org/packages/1f/05/80feec5026430371208e0d53ca642b4706a59678590319890bbddb6dfe5a/cryptg-0.5.2-pp311-pypy311_pp73-manylinux_2_28_x86_64.whl", hash = "sha256:74a6416ebff5af10f0d837c2790a55086efe3ae5115c0da50948d0c95f144c03", size = 255576, upload-time = "2025-10-12T08:57:45.094Z" },
    { url = "https://files.pythonhosted.org/packages/0e/d9/35f820588f581e5fbd5392abd299c08effde9184ed4b766d67b06e67f780/cryptg-0.5.2-pp311-pypy311_pp73-win_amd64.whl", hash = "sha256:bd2ea1261454ac415e4127a5bf3f4795bd404c9f1041bf98cf02a7e23ff253b7", size = 114253, upload-time = "2025-10-12T08:57:46.376Z" },
    { url = "https://files.pythonhosted.org/packages/3a/2b/8bf45c02adca6ef4053bc42a98fc2af08f3e307ac6df832988614694a40c/cryptg-0.5.2-pp39-pypy39_pp73-macosx_11_0_arm64.whl", hash = "sha256:02c887a8fd2d28b0438f9e9620c824cb384a3ca2d442f32d1502bb64c1fa0252", size = 215485, upload-time = "2025-10-12T08:57:47.569Z" },
    { url = "https://files.pythonhosted.org/packages/47/1b/1ee420eb30ba0c679193cfa8ef6e20c9e68df25c4428651457f7f2ba5784/cryptg-0.5.2-pp39-pypy39_pp73-manylinux_2_28_aarch64.whl", hash = "sha256:67d2e0857c9c0eb31992c34b3fcfdb79798f88ba56a5322202c7701469f57a7a", size = 244793, upload-time = "2025-10-12T08:57:48.523Z" },
    { url = "https://files.pythonhosted.org/packages/a8/6f/8e0148f2f304f4c412e4aab46b857f0b378ecf6f14b3dbf20e1eb8577751/cryptg-0.5.2-pp39-pypy39_pp73-manylinux_2_28_x86_64.whl", hash = "sha256:32d3b8c45c9c0e90916dc8fc428a0ac392271258a872d831950a876a343195f6", size = 255937, upload-time = "2025-10-12T08:57:49.486Z" },
    { url = "https://files.pythonhosted.org/packages/3b/3b/3833c5612e2915f660e8b3acdd1e914e48b7a3c73c74426cae51d42bd680/cryptg-0.5.2-pp39-pypy39_pp73-win_amd64.whl", hash = "sha256:d33e27e5c24d8088b1c1918293277526a28537629432d3919d3e55c3731400bf", size = 114663, upload-time = "2025-10-12T08:57:50.393Z" },
]

[[package]]
name = "humanize"
version = "4.13.0"
source = { registry = "https://pypi.org/simple" }
sdist = { url = "https://files.pythonhosted.org/packages/98/1d/3062fcc89ee05a715c0b9bfe6490c00c576314f27ffee3a704122c6fd259/humanize-4.13.0.tar.gz", hash = "sha256:78f79e68f76f0b04d711c4e55d32bebef5be387148862cb1ef83d2b58e7935a0", size = 81884, upload-time = "2025-08-25T09:39:20.04Z" }
wheels = [
    { url = "https://files.pythonhosted.org/packages/1e/c7/316e7ca04d26695ef0635dc81683d628350810eb8e9b2299fc08ba49f366/humanize-4.13.0-py3-none-any.whl", hash = "sha256:b810820b31891813b1673e8fec7f1ed3312061eab2f26e3fa192c393d11ed25f", size = 128869, upload-time = "2025-08-25T09:39:18.54Z" },
]

[[package]]
name = "pyaes"
version = "1.6.1"
source = { registry = "https://pypi.org/simple" }
sdist = { url = "https://files.pythonhosted.org/packages/44/66/2c17bae31c906613795711fc78045c285048168919ace2220daa372c7d72/pyaes-1.6.1.tar.gz", hash = "sha256:02c1b1405c38d3c370b085fb952dd8bea3fadcee6411ad99f312cc129c536d8f", size = 28536, upload-time = "2017-09-20T21:17:54.23Z" }

[[package]]
name = "pyasn1"
version = "0.6.2"
source = { registry = "https://pypi.org/simple" }
sdist = { url = "https://files.pythonhosted.org/packages/fe/b6/6e630dff89739fcd427e3f72b3d905ce0acb85a45d4ec3e2678718a3487f/pyasn1-0.6.2.tar.gz", hash = "sha256:9b59a2b25ba7e4f8197db7686c09fb33e658b98339fadb826e9512629017833b", size = 146586, upload-time = "2026-01-16T18:04:18.534Z" }
wheels = [
    { url = "https://files.pythonhosted.org/packages/44/b5/a96872e5184f354da9c84ae119971a0a4c221fe9b27a4d94bd43f2596727/pyasn1-0.6.2-py3-none-any.whl", hash = "sha256:1eb26d860996a18e9b6ed05e7aae0e9fc21619fcee6af91cca9bad4fbea224bf", size = 83371, upload-time = "2026-01-16T18:04:17.174Z" },
]

[[package]]
name = "pycparser"
version = "2.23"
source = { registry = "https://pypi.org/simple" }
sdist = { url = "https://files.pythonhosted.org/packages/fe/cf/d2d3b9f5699fb1e4615c8e32ff220203e43b248e1dfcc6736ad9057731ca/pycparser-2.23.tar.gz", hash = "sha256:78816d4f24add8f10a06d6f05b4d424ad9e96cfebf68a4ddc99c65c0720d00c2", size = 173734, upload-time = "2025-09-09T13:23:47.91Z" }
wheels = [
    { url = "https://files.pythonhosted.org/packages/a0/e3/59cd50310fc9b59512193629e1984c1f95e5c8ae6e5d8c69532ccc65a7fe/pycparser-2.23-py3-none-any.whl", hash = "sha256:e5c6e8d3fbad53479cab09ac03729e0a9faf2bee3db8208a550daf5af81a5934", size = 118140, upload-time = "2025-09-09T13:23:46.651Z" },
]

[[package]]
name = "rsa"
version = "4.9.1"
source = { registry = "https://pypi.org/simple" }
dependencies = [
    { name = "pyasn1" },
]
sdist = { url = "https://files.pythonhosted.org/packages/da/8a/22b7beea3ee0d44b1916c0c1cb0ee3af23b700b6da9f04991899d0c555d4/rsa-4.9.1.tar.gz", hash = "sha256:e7bdbfdb5497da4c07dfd35530e1a902659db6ff241e39d9953cad06ebd0ae75", size = 29034, upload-time = "2025-04-16T09:51:18.218Z" }
wheels = [
    { url = "https://files.pythonhosted.org/packages/64/8d/0133e4eb4beed9e425d9a98ed6e081a55d195481b7632472be1af08d2f6b/rsa-4.9.1-py3-none-any.whl", hash = "sha256:68635866661c6836b8d39430f97a996acbd61bfa49406748ea243539fe239762", size = 34696, upload-time = "2025-04-16T09:51:17.142Z" },
]

[[package]]
name = "telegram-download-daemon-ng"
version = "1.0.0b9"
source = { editable = "." }
dependencies = [
    { name = "cffi" },
    { name = "cryptg" },
    { name = "humanize" },
    { name = "pyaes" },
    { name = "pyasn1" },
    { name = "pycparser" },
    { name = "rsa" },
    { name = "telethon" },
]

[package.metadata]
requires-dist = [
    { name = "cffi", specifier = "==2.0.0" },
    { name = "cryptg", specifier = "==0.5.2" },
    { name = "humanize", specifier = "==4.13.0" },
    { name = "pyaes", specifier = "==1.6.1" },
    { name = "pyasn1", specifier = "==0.6.2" },
    { name = "pycparser", specifier = "==2.23" },
    { name = "rsa", specifier = "==4.9.1" },
    { name = "telethon", specifier = "==1.42.0" },
]

[[package]]
name = "telethon"
version = "1.42.0"
source = { registry = "https://pypi.org/simple" }
dependencies = [
    { name = "pyaes" },
    { name = "rsa" },
]
sdist = { url = "https://files.pythonhosted.org/packages/8c/10/8c8c9476bfce767a856d8aaf9eae8ea1869df4e970da16f1c5b638fd1b0c/telethon-1.42.0.tar.gz", hash = "sha256:032e95511261d5ead719f75494c6c85ece2ce71816b54f3c65d6ccc371d6994d", size = 672734, upload-time = "2025-11-05T19:15:19.849Z" }
wheels = [
    { url = "https://files.pythonhosted.org/packages/e4/e4/8ce0ff55251381966a7c3f88bd5b34abda79b225a8e7fb51ddef3b849c94/telethon-1.42.0-py3-none-any.whl", hash = "sha256:cf361c94586bcacd6d0fc8959a2bce509d1bb37007fe6476a80c4fb4a2decc29", size = 748466, upload-time = "2025-11-05T19:15:18.241Z" },
]
